PODS:
  - Alamofire (5.9.1)
  - lottie-ios (4.5.0)
  - SDWebImage (5.19.7):
    - SDWebImage/Core (= 5.19.7)
  - SDWebImage/Core (5.19.7)
  - Shuffle-iOS (0.5.0)
  - TTGSnackbar (1.12.0)

DEPENDENCIES:
  - Alamofire
  - lottie-ios
  - SDWebImage
  - Shuffle-iOS
  - TTGSnackbar

SPEC REPOS:
  trunk:
    - Alamofire
    - lottie-ios
    - SDWebImage
    - Shuffle-iOS
    - TTGSnackbar

SPEC CHECKSUMS:
  Alamofire: f36a35757af4587d8e4f4bfa223ad10be2422b8c
  lottie-ios: a881093fab623c467d3bce374367755c272bdd59
  SDWebImage: 8a6b7b160b4d710e2a22b6900e25301075c34cb3
  Shuffle-iOS: ff33658fb1e5eebd6a4724c156473e63754be9cb
  TTGSnackbar: 8e7650b9b1f5f44e40228473455986f5c12213c7

PODFILE CHECKSUM: 543620b902e33773f34e953e97a9a21850136f24

COCOAPODS: 1.15.2
