// !$*UTF8*$!
{
	archiveVersion = 1;
	classes = {
	};
	objectVersion = 56;
	objects = {

/* Begin PBXBuildFile section */
		A027E7D7198CE8E461B45460 /* Pods_PranksterTests.framework in Frameworks */ = {isa = PBXBuildFile; fileRef = 584D1AE8DB89788FE60542E6 /* Pods_PranksterTests.framework */; };
		A46A2E8BC3FBF35C5C52F872 /* Pods_OneSignalPushNotificationExtension.framework in Frameworks */ = {isa = PBXBuildFile; fileRef = 61A521BA97626B1DC131AF3A /* Pods_OneSignalPushNotificationExtension.framework */; };
		BBD601D787D4F1939EC42421 /* Pods_Prankster.framework in Frameworks */ = {isa = PBXBuildFile; fileRef = 05C81F81C61EF6E2150889DF /* Pods_Prankster.framework */; };
		BD9E4D752D015557001B0F58 /* Assets.xcassets in Resources */ = {isa = PBXBuildFile; fileRef = BD9E4D6C2D015557001B0F58 /* Assets.xcassets */; };
		BD9E4D772D015557001B0F58 /* LaunchScreen.storyboard in Resources */ = {isa = PBXBuildFile; fileRef = BD9E4D6F2D015557001B0F58 /* LaunchScreen.storyboard */; };
		BD9E4D782D015557001B0F58 /* Main.storyboard in Resources */ = {isa = PBXBuildFile; fileRef = BD9E4D712D015557001B0F58 /* Main.storyboard */; };
		BD9E4D792D015557001B0F58 /* AppDelegate.swift in Sources */ = {isa = PBXBuildFile; fileRef = BD9E4D6B2D015557001B0F58 /* AppDelegate.swift */; };
		BD9E4D7A2D015557001B0F58 /* SceneDelegate.swift in Sources */ = {isa = PBXBuildFile; fileRef = BD9E4D722D015557001B0F58 /* SceneDelegate.swift */; };
		BD9E4D7E2D015559001B0F58 /* PranksterTests.swift in Sources */ = {isa = PBXBuildFile; fileRef = BD9E4D7C2D015559001B0F58 /* PranksterTests.swift */; };
		BD9E4D822D01555C001B0F58 /* PranksterUITests.swift in Sources */ = {isa = PBXBuildFile; fileRef = BD9E4D7F2D01555C001B0F58 /* PranksterUITests.swift */; };
		BD9E4D832D01555C001B0F58 /* PranksterUITestsLaunchTests.swift in Sources */ = {isa = PBXBuildFile; fileRef = BD9E4D802D01555C001B0F58 /* PranksterUITestsLaunchTests.swift */; };
		BD9E4D8F2D015608001B0F58 /* OneSignalPushNotificationExtension.appex in Embed Foundation Extensions */ = {isa = PBXBuildFile; fileRef = BD9E4D882D015608001B0F58 /* OneSignalPushNotificationExtension.appex */; settings = {ATTRIBUTES = (RemoveHeadersOnCopy, ); }; };
		BD9E4D982D01560D001B0F58 /* NotificationService.swift in Sources */ = {isa = PBXBuildFile; fileRef = BD9E4D962D01560D001B0F58 /* NotificationService.swift */; };
		BD9E4D9C2D0157C4001B0F58 /* GoogleService-Info.plist in Resources */ = {isa = PBXBuildFile; fileRef = BD9E4D9B2D0157C4001B0F58 /* GoogleService-Info.plist */; };
		BD9E4D9E2D0159DE001B0F58 /* Color.xcassets in Resources */ = {isa = PBXBuildFile; fileRef = BD9E4D9D2D0159DE001B0F58 /* Color.xcassets */; };
		BD9E4DA12D015B63001B0F58 /* KLEPHON.otf in Resources */ = {isa = PBXBuildFile; fileRef = BD9E4DA02D015B63001B0F58 /* KLEPHON.otf */; };
		BDB6609C2D02208F0038D40D /* CoverGIF.gif in Resources */ = {isa = PBXBuildFile; fileRef = BDB6609B2D02208F0038D40D /* CoverGIF.gif */; };
		BDB660A92D0220940038D40D /* Snackbar.swift in Sources */ = {isa = PBXBuildFile; fileRef = BDB660A52D0220940038D40D /* Snackbar.swift */; };
		BDB660AA2D0220940038D40D /* BannerAdUtility.swift in Sources */ = {isa = PBXBuildFile; fileRef = BDB6609D2D0220940038D40D /* BannerAdUtility.swift */; };
		BDB660AB2D0220940038D40D /* Extension.swift in Sources */ = {isa = PBXBuildFile; fileRef = BDB6609E2D0220940038D40D /* Extension.swift */; };
		BDB660AC2D0220940038D40D /* SFWConfiguration.swift in Sources */ = {isa = PBXBuildFile; fileRef = BDB660A32D0220940038D40D /* SFWConfiguration.swift */; };
		BDB660AD2D0220940038D40D /* UIImage+GIF.swift in Sources */ = {isa = PBXBuildFile; fileRef = BDB660A72D0220940038D40D /* UIImage+GIF.swift */; };
		BDB660AE2D0220940038D40D /* LoadingFooterView.swift in Sources */ = {isa = PBXBuildFile; fileRef = BDB660A02D0220940038D40D /* LoadingFooterView.swift */; };
		BDB660AF2D0220940038D40D /* RewardAdUtility.swift in Sources */ = {isa = PBXBuildFile; fileRef = BDB660A22D0220940038D40D /* RewardAdUtility.swift */; };
		BDB660B02D0220940038D40D /* premiumManager.swift in Sources */ = {isa = PBXBuildFile; fileRef = BDB660A12D0220940038D40D /* premiumManager.swift */; };
		BDB660B12D0220940038D40D /* InterstitialAdUtility.swift in Sources */ = {isa = PBXBuildFile; fileRef = BDB6609F2D0220940038D40D /* InterstitialAdUtility.swift */; };
		BDB660B22D0220940038D40D /* StaticFunction.swift in Sources */ = {isa = PBXBuildFile; fileRef = BDB660A62D0220940038D40D /* StaticFunction.swift */; };
		BDB660B32D0220940038D40D /* Skeleton.swift in Sources */ = {isa = PBXBuildFile; fileRef = BDB660A42D0220940038D40D /* Skeleton.swift */; };
		BDB660CE2D02210C0038D40D /* CustomCoverAllCollectionViewCell.swift in Sources */ = {isa = PBXBuildFile; fileRef = BDB660B72D02210C0038D40D /* CustomCoverAllCollectionViewCell.swift */; };
		BDB660CF2D02210C0038D40D /* NoInternetBottombarView.swift in Sources */ = {isa = PBXBuildFile; fileRef = BDB660C42D02210C0038D40D /* NoInternetBottombarView.swift */; };
		BDB660D02D02210C0038D40D /* MoreAppCollectionViewCell.swift in Sources */ = {isa = PBXBuildFile; fileRef = BDB660BB2D02210C0038D40D /* MoreAppCollectionViewCell.swift */; };
		BDB660D12D02210C0038D40D /* ShareView.swift in Sources */ = {isa = PBXBuildFile; fileRef = BDB660CB2D02210C0038D40D /* ShareView.swift */; };
		BDB660D22D02210C0038D40D /* NoDataView.swift in Sources */ = {isa = PBXBuildFile; fileRef = BDB660C72D02210C0038D40D /* NoDataView.swift */; };
		BDB660D32D02210C0038D40D /* VideoCharacterAllCollectionViewCell.swift in Sources */ = {isa = PBXBuildFile; fileRef = BDB660BE2D02210C0038D40D /* VideoCharacterAllCollectionViewCell.swift */; };
		BDB660D42D02210C0038D40D /* NoDataBottomBarView.swift in Sources */ = {isa = PBXBuildFile; fileRef = BDB660C22D02210C0038D40D /* NoDataBottomBarView.swift */; };
		BDB660D52D02210C0038D40D /* EmojiCoverAllCollectionViewCell.swift in Sources */ = {isa = PBXBuildFile; fileRef = BDB660B82D02210C0038D40D /* EmojiCoverAllCollectionViewCell.swift */; };
		BDB660D62D02210C0038D40D /* RealisticCoverAllCollectionViewCell.swift in Sources */ = {isa = PBXBuildFile; fileRef = BDB660BC2D02210C0038D40D /* RealisticCoverAllCollectionViewCell.swift */; };
		BDB660D72D02210C0038D40D /* AudioCollectionViewCell.swift in Sources */ = {isa = PBXBuildFile; fileRef = BDB660B52D02210C0038D40D /* AudioCollectionViewCell.swift */; };
		BDB660D82D02210C0038D40D /* ImageCollectionViewCell.swift in Sources */ = {isa = PBXBuildFile; fileRef = BDB660BA2D02210C0038D40D /* ImageCollectionViewCell.swift */; };
		BDB660D92D02210C0038D40D /* CoverPageCollectionViewCell.swift in Sources */ = {isa = PBXBuildFile; fileRef = BDB660B62D02210C0038D40D /* CoverPageCollectionViewCell.swift */; };
		BDB660DA2D02210C0038D40D /* VideoCollectionViewCell.swift in Sources */ = {isa = PBXBuildFile; fileRef = BDB660BF2D02210C0038D40D /* VideoCollectionViewCell.swift */; };
		BDB660DB2D02210C0038D40D /* AudioCharacterAllCollectionViewCell.swift in Sources */ = {isa = PBXBuildFile; fileRef = BDB660B42D02210C0038D40D /* AudioCharacterAllCollectionViewCell.swift */; };
		BDB660DC2D02210C0038D40D /* ImageCharacterAllCollectionViewCell.swift in Sources */ = {isa = PBXBuildFile; fileRef = BDB660B92D02210C0038D40D /* ImageCharacterAllCollectionViewCell.swift */; };
		BDB660DD2D02210C0038D40D /* SpinnerCollectionViewCell.swift in Sources */ = {isa = PBXBuildFile; fileRef = BDB660BD2D02210C0038D40D /* SpinnerCollectionViewCell.swift */; };
		BDB660DE2D02210C0038D40D /* ViewLinkCollectionViewCell.swift in Sources */ = {isa = PBXBuildFile; fileRef = BDB660C02D02210C0038D40D /* ViewLinkCollectionViewCell.swift */; };
		BDB660DF2D02210C0038D40D /* NoInternetView.swift in Sources */ = {isa = PBXBuildFile; fileRef = BDB660C92D02210C0038D40D /* NoInternetView.swift */; };
		BDB660E02D02210C0038D40D /* ShareView.xib in Resources */ = {isa = PBXBuildFile; fileRef = BDB660CC2D02210C0038D40D /* ShareView.xib */; };
		BDB660E12D02210C0038D40D /* NoDataBottomBarView.xib in Resources */ = {isa = PBXBuildFile; fileRef = BDB660C32D02210C0038D40D /* NoDataBottomBarView.xib */; };
		BDB660E22D02210C0038D40D /* NoDataView.xib in Resources */ = {isa = PBXBuildFile; fileRef = BDB660C82D02210C0038D40D /* NoDataView.xib */; };
		BDB660E32D02210C0038D40D /* NoInternetView.xib in Resources */ = {isa = PBXBuildFile; fileRef = BDB660CA2D02210C0038D40D /* NoInternetView.xib */; };
		BDB660E42D02210C0038D40D /* NoInternetBottombarView.xib in Resources */ = {isa = PBXBuildFile; fileRef = BDB660C52D02210C0038D40D /* NoInternetBottombarView.xib */; };
		BDB660EC2D0221220038D40D /* PrankViewModel.swift in Sources */ = {isa = PBXBuildFile; fileRef = BDB660E92D0221220038D40D /* PrankViewModel.swift */; };
		BDB660ED2D0221220038D40D /* CategoryViewModel.swift in Sources */ = {isa = PBXBuildFile; fileRef = BDB660E62D0221220038D40D /* CategoryViewModel.swift */; };
		BDB660EE2D0221220038D40D /* SpinnerViewModel.swift in Sources */ = {isa = PBXBuildFile; fileRef = BDB660EA2D0221220038D40D /* SpinnerViewModel.swift */; };
		BDB660EF2D0221220038D40D /* CategoryAllViewModel.swift in Sources */ = {isa = PBXBuildFile; fileRef = BDB660E52D0221220038D40D /* CategoryAllViewModel.swift */; };
		BDB660F02D0221220038D40D /* MoreAppViewModel.swift in Sources */ = {isa = PBXBuildFile; fileRef = BDB660E82D0221220038D40D /* MoreAppViewModel.swift */; };
		BDB660F12D0221220038D40D /* CoverPageViewModel.swift in Sources */ = {isa = PBXBuildFile; fileRef = BDB660E72D0221220038D40D /* CoverPageViewModel.swift */; };
		BDB660F42D02214D0038D40D /* Model.swift in Sources */ = {isa = PBXBuildFile; fileRef = BDB660F22D02214D0038D40D /* Model.swift */; };
		BDB660FC2D0221680038D40D /* CategoryAPI.swift in Sources */ = {isa = PBXBuildFile; fileRef = BDB660F62D0221680038D40D /* CategoryAPI.swift */; };
		BDB660FD2D0221680038D40D /* PrankAPI.swift in Sources */ = {isa = PBXBuildFile; fileRef = BDB660F92D0221680038D40D /* PrankAPI.swift */; };
		BDB660FE2D0221680038D40D /* SpinnerAPI.swift in Sources */ = {isa = PBXBuildFile; fileRef = BDB660FA2D0221680038D40D /* SpinnerAPI.swift */; };
		BDB660FF2D0221680038D40D /* MoreAppAPI.swift in Sources */ = {isa = PBXBuildFile; fileRef = BDB660F82D0221680038D40D /* MoreAppAPI.swift */; };
		BDB661002D0221680038D40D /* CategoryAllAPI.swift in Sources */ = {isa = PBXBuildFile; fileRef = BDB660F52D0221680038D40D /* CategoryAllAPI.swift */; };
		BDB661012D0221680038D40D /* CoverPageAPI.swift in Sources */ = {isa = PBXBuildFile; fileRef = BDB660F72D0221680038D40D /* CoverPageAPI.swift */; };
		BDB6611E2D0223090038D40D /* ImageCategoryAllVC.swift in Sources */ = {isa = PBXBuildFile; fileRef = BDB6610D2D0223090038D40D /* ImageCategoryAllVC.swift */; };
		BDB6611F2D0223090038D40D /* PremiumVC.swift in Sources */ = {isa = PBXBuildFile; fileRef = BDB661172D0223090038D40D /* PremiumVC.swift */; };
		BDB661202D0223090038D40D /* EmojiCoverPageVC.swift in Sources */ = {isa = PBXBuildFile; fileRef = BDB6610A2D0223090038D40D /* EmojiCoverPageVC.swift */; };
		BDB661212D0223090038D40D /* CoverPageVC.swift in Sources */ = {isa = PBXBuildFile; fileRef = BDB661082D0223090038D40D /* CoverPageVC.swift */; };
		BDB661222D0223090038D40D /* SpinnerHistoryViewController.swift in Sources */ = {isa = PBXBuildFile; fileRef = BDB6611A2D0223090038D40D /* SpinnerHistoryViewController.swift */; };
		BDB661232D0223090038D40D /* ShareLinkVC.swift in Sources */ = {isa = PBXBuildFile; fileRef = BDB661192D0223090038D40D /* ShareLinkVC.swift */; };
		BDB661242D0223090038D40D /* LaunchVC.swift in Sources */ = {isa = PBXBuildFile; fileRef = BDB661142D0223090038D40D /* LaunchVC.swift */; };
		BDB661252D0223090038D40D /* PremiumPopupVC.swift in Sources */ = {isa = PBXBuildFile; fileRef = BDB661162D0223090038D40D /* PremiumPopupVC.swift */; };
		BDB661262D0223090038D40D /* VideoCategoryAllVC.swift in Sources */ = {isa = PBXBuildFile; fileRef = BDB661102D0223090038D40D /* VideoCategoryAllVC.swift */; };
		BDB661272D0223090038D40D /* MoreAppVC.swift in Sources */ = {isa = PBXBuildFile; fileRef = BDB661152D0223090038D40D /* MoreAppVC.swift */; };
		BDB661282D0223090038D40D /* VideoVC.swift in Sources */ = {isa = PBXBuildFile; fileRef = BDB661112D0223090038D40D /* VideoVC.swift */; };
		BDB661292D0223090038D40D /* HomeVC.swift in Sources */ = {isa = PBXBuildFile; fileRef = BDB661132D0223090038D40D /* HomeVC.swift */; };
		BDB6612A2D0223090038D40D /* SaveRecordingPopup.swift in Sources */ = {isa = PBXBuildFile; fileRef = BDB661062D0223090038D40D /* SaveRecordingPopup.swift */; };
		BDB6612B2D0223090038D40D /* AudioVisualizer.swift in Sources */ = {isa = PBXBuildFile; fileRef = BDB661042D0223090038D40D /* AudioVisualizer.swift */; };
		BDB6612C2D0223090038D40D /* RealisticCoverPageVC.swift in Sources */ = {isa = PBXBuildFile; fileRef = BDB6610B2D0223090038D40D /* RealisticCoverPageVC.swift */; };
		BDB6612D2D0223090038D40D /* CustomRecoderVC.swift in Sources */ = {isa = PBXBuildFile; fileRef = BDB661052D0223090038D40D /* CustomRecoderVC.swift */; };
		BDB6612E2D0223090038D40D /* AudioVC.swift in Sources */ = {isa = PBXBuildFile; fileRef = BDB661032D0223090038D40D /* AudioVC.swift */; };
		BDB6612F2D0223090038D40D /* ShareLinkPopup.swift in Sources */ = {isa = PBXBuildFile; fileRef = BDB661182D0223090038D40D /* ShareLinkPopup.swift */; };
		BDB661302D0223090038D40D /* CustomCoverPageVC.swift in Sources */ = {isa = PBXBuildFile; fileRef = BDB661092D0223090038D40D /* CustomCoverPageVC.swift */; };
		BDB661312D0223090038D40D /* ViewLinkVC.swift in Sources */ = {isa = PBXBuildFile; fileRef = BDB6611C2D0223090038D40D /* ViewLinkVC.swift */; };
		BDB661322D0223090038D40D /* SpinnerPreviewVC.swift in Sources */ = {isa = PBXBuildFile; fileRef = BDB6611B2D0223090038D40D /* SpinnerPreviewVC.swift */; };
		BDB661332D0223090038D40D /* ImageVC.swift in Sources */ = {isa = PBXBuildFile; fileRef = BDB6610E2D0223090038D40D /* ImageVC.swift */; };
		BDB661342D0223090038D40D /* AudioCategoryAllVC.swift in Sources */ = {isa = PBXBuildFile; fileRef = BDB661022D0223090038D40D /* AudioCategoryAllVC.swift */; };
		BDB661362D0223AB0038D40D /* SpinnerVC.swift in Sources */ = {isa = PBXBuildFile; fileRef = BDB661352D0223AB0038D40D /* SpinnerVC.swift */; };
		BDB6613D2D0224EC0038D40D /* LoadData.json in Resources */ = {isa = PBXBuildFile; fileRef = BDB661372D0224EC0038D40D /* LoadData.json */; };
		BDB6613E2D0224EC0038D40D /* Loader.json in Resources */ = {isa = PBXBuildFile; fileRef = BDB661382D0224EC0038D40D /* Loader.json */; };
		BDB6613F2D0224EC0038D40D /* Nodata.json in Resources */ = {isa = PBXBuildFile; fileRef = BDB6613A2D0224EC0038D40D /* Nodata.json */; };
		BDB661402D0224EC0038D40D /* NoInternet.json in Resources */ = {isa = PBXBuildFile; fileRef = BDB6613B2D0224EC0038D40D /* NoInternet.json */; };
		BDB661412D0224EC0038D40D /* Loading.json in Resources */ = {isa = PBXBuildFile; fileRef = BDB661392D0224EC0038D40D /* Loading.json */; };
		BDB661442D0232850038D40D /* Auto-Update.json in Resources */ = {isa = PBXBuildFile; fileRef = BDB661432D0232850038D40D /* Auto-Update.json */; };
		C97F96366B5FEFDEE9FFAE93 /* Pods_Prankster_PranksterUITests.framework in Frameworks */ = {isa = PBXBuildFile; fileRef = F2F386536D4DD55FA8FBFBA3 /* Pods_Prankster_PranksterUITests.framework */; };
/* End PBXBuildFile section */

/* Begin PBXContainerItemProxy section */
		BD9E4D4E2D015553001B0F58 /* PBXContainerItemProxy */ = {
			isa = PBXContainerItemProxy;
			containerPortal = BD9E4D2F2D015550001B0F58 /* Project object */;
			proxyType = 1;
			remoteGlobalIDString = BD9E4D362D015550001B0F58;
			remoteInfo = Prankster;
		};
		BD9E4D582D015553001B0F58 /* PBXContainerItemProxy */ = {
			isa = PBXContainerItemProxy;
			containerPortal = BD9E4D2F2D015550001B0F58 /* Project object */;
			proxyType = 1;
			remoteGlobalIDString = BD9E4D362D015550001B0F58;
			remoteInfo = Prankster;
		};
		BD9E4D8D2D015608001B0F58 /* PBXContainerItemProxy */ = {
			isa = PBXContainerItemProxy;
			containerPortal = BD9E4D2F2D015550001B0F58 /* Project object */;
			proxyType = 1;
			remoteGlobalIDString = BD9E4D872D015608001B0F58;
			remoteInfo = OneSignalPushNotificationExtension;
		};
/* End PBXContainerItemProxy section */

/* Begin PBXCopyFilesBuildPhase section */
		BD9E4D902D015608001B0F58 /* Embed Foundation Extensions */ = {
			isa = PBXCopyFilesBuildPhase;
			buildActionMask = 2147483647;
			dstPath = "";
			dstSubfolderSpec = 13;
			files = (
				BD9E4D8F2D015608001B0F58 /* OneSignalPushNotificationExtension.appex in Embed Foundation Extensions */,
			);
			name = "Embed Foundation Extensions";
			runOnlyForDeploymentPostprocessing = 0;
		};
/* End PBXCopyFilesBuildPhase section */

/* Begin PBXFileReference section */
		05C81F81C61EF6E2150889DF /* Pods_Prankster.framework */ = {isa = PBXFileReference; explicitFileType = wrapper.framework; includeInIndex = 0; path = Pods_Prankster.framework; sourceTree = BUILT_PRODUCTS_DIR; };
		1E35DAC713AB274E69C2097F /* Pods-Prankster.debug.xcconfig */ = {isa = PBXFileReference; includeInIndex = 1; lastKnownFileType = text.xcconfig; name = "Pods-Prankster.debug.xcconfig"; path = "Target Support Files/Pods-Prankster/Pods-Prankster.debug.xcconfig"; sourceTree = "<group>"; };
		2B55F5CD0FC10C6B32A7534D /* Pods-Prankster-PranksterUITests.release.xcconfig */ = {isa = PBXFileReference; includeInIndex = 1; lastKnownFileType = text.xcconfig; name = "Pods-Prankster-PranksterUITests.release.xcconfig"; path = "Target Support Files/Pods-Prankster-PranksterUITests/Pods-Prankster-PranksterUITests.release.xcconfig"; sourceTree = "<group>"; };
		584D1AE8DB89788FE60542E6 /* Pods_PranksterTests.framework */ = {isa = PBXFileReference; explicitFileType = wrapper.framework; includeInIndex = 0; path = Pods_PranksterTests.framework; sourceTree = BUILT_PRODUCTS_DIR; };
		61A521BA97626B1DC131AF3A /* Pods_OneSignalPushNotificationExtension.framework */ = {isa = PBXFileReference; explicitFileType = wrapper.framework; includeInIndex = 0; path = Pods_OneSignalPushNotificationExtension.framework; sourceTree = BUILT_PRODUCTS_DIR; };
		65CE6E944F0FA174BB455D6A /* Pods-PranksterTests.release.xcconfig */ = {isa = PBXFileReference; includeInIndex = 1; lastKnownFileType = text.xcconfig; name = "Pods-PranksterTests.release.xcconfig"; path = "Target Support Files/Pods-PranksterTests/Pods-PranksterTests.release.xcconfig"; sourceTree = "<group>"; };
		75071A31ADC3B45055879804 /* Pods-PranksterTests.debug.xcconfig */ = {isa = PBXFileReference; includeInIndex = 1; lastKnownFileType = text.xcconfig; name = "Pods-PranksterTests.debug.xcconfig"; path = "Target Support Files/Pods-PranksterTests/Pods-PranksterTests.debug.xcconfig"; sourceTree = "<group>"; };
		9A81AB1557380DA331E4A6CA /* Pods-Prankster.release.xcconfig */ = {isa = PBXFileReference; includeInIndex = 1; lastKnownFileType = text.xcconfig; name = "Pods-Prankster.release.xcconfig"; path = "Target Support Files/Pods-Prankster/Pods-Prankster.release.xcconfig"; sourceTree = "<group>"; };
		A4E59631301AE7E0D84ED8CB /* Pods-OneSignalPushNotificationExtension.debug.xcconfig */ = {isa = PBXFileReference; includeInIndex = 1; lastKnownFileType = text.xcconfig; name = "Pods-OneSignalPushNotificationExtension.debug.xcconfig"; path = "Target Support Files/Pods-OneSignalPushNotificationExtension/Pods-OneSignalPushNotificationExtension.debug.xcconfig"; sourceTree = "<group>"; };
		BD9E4D372D015550001B0F58 /* Prankster.app */ = {isa = PBXFileReference; explicitFileType = wrapper.application; includeInIndex = 0; path = Prankster.app; sourceTree = BUILT_PRODUCTS_DIR; };
		BD9E4D4D2D015553001B0F58 /* PranksterTests.xctest */ = {isa = PBXFileReference; explicitFileType = wrapper.cfbundle; includeInIndex = 0; path = PranksterTests.xctest; sourceTree = BUILT_PRODUCTS_DIR; };
		BD9E4D572D015553001B0F58 /* PranksterUITests.xctest */ = {isa = PBXFileReference; explicitFileType = wrapper.cfbundle; includeInIndex = 0; path = PranksterUITests.xctest; sourceTree = BUILT_PRODUCTS_DIR; };
		BD9E4D6B2D015557001B0F58 /* AppDelegate.swift */ = {isa = PBXFileReference; lastKnownFileType = sourcecode.swift; path = AppDelegate.swift; sourceTree = "<group>"; };
		BD9E4D6C2D015557001B0F58 /* Assets.xcassets */ = {isa = PBXFileReference; lastKnownFileType = folder.assetcatalog; path = Assets.xcassets; sourceTree = "<group>"; };
		BD9E4D6D2D015557001B0F58 /* Info.plist */ = {isa = PBXFileReference; lastKnownFileType = text.plist.xml; path = Info.plist; sourceTree = "<group>"; };
		BD9E4D6E2D015557001B0F58 /* Base */ = {isa = PBXFileReference; lastKnownFileType = file.storyboard; name = Base; path = Base.lproj/LaunchScreen.storyboard; sourceTree = "<group>"; };
		BD9E4D702D015557001B0F58 /* Base */ = {isa = PBXFileReference; lastKnownFileType = file.storyboard; name = Base; path = Base.lproj/Main.storyboard; sourceTree = "<group>"; };
		BD9E4D722D015557001B0F58 /* SceneDelegate.swift */ = {isa = PBXFileReference; lastKnownFileType = sourcecode.swift; path = SceneDelegate.swift; sourceTree = "<group>"; };
		BD9E4D7C2D015559001B0F58 /* PranksterTests.swift */ = {isa = PBXFileReference; lastKnownFileType = sourcecode.swift; path = PranksterTests.swift; sourceTree = "<group>"; };
		BD9E4D7F2D01555C001B0F58 /* PranksterUITests.swift */ = {isa = PBXFileReference; lastKnownFileType = sourcecode.swift; path = PranksterUITests.swift; sourceTree = "<group>"; };
		BD9E4D802D01555C001B0F58 /* PranksterUITestsLaunchTests.swift */ = {isa = PBXFileReference; lastKnownFileType = sourcecode.swift; path = PranksterUITestsLaunchTests.swift; sourceTree = "<group>"; };
		BD9E4D882D015608001B0F58 /* OneSignalPushNotificationExtension.appex */ = {isa = PBXFileReference; explicitFileType = "wrapper.app-extension"; includeInIndex = 0; path = OneSignalPushNotificationExtension.appex; sourceTree = BUILT_PRODUCTS_DIR; };
		BD9E4D952D01560D001B0F58 /* Info.plist */ = {isa = PBXFileReference; lastKnownFileType = text.plist.xml; path = Info.plist; sourceTree = "<group>"; };
		BD9E4D962D01560D001B0F58 /* NotificationService.swift */ = {isa = PBXFileReference; lastKnownFileType = sourcecode.swift; path = NotificationService.swift; sourceTree = "<group>"; };
		BD9E4D9B2D0157C4001B0F58 /* GoogleService-Info.plist */ = {isa = PBXFileReference; lastKnownFileType = text.plist.xml; path = "GoogleService-Info.plist"; sourceTree = "<group>"; };
		BD9E4D9D2D0159DE001B0F58 /* Color.xcassets */ = {isa = PBXFileReference; lastKnownFileType = folder.assetcatalog; path = Color.xcassets; sourceTree = "<group>"; };
		BD9E4DA02D015B63001B0F58 /* KLEPHON.otf */ = {isa = PBXFileReference; lastKnownFileType = file; path = KLEPHON.otf; sourceTree = "<group>"; };
		BDB660982D021DE60038D40D /* Prankster.entitlements */ = {isa = PBXFileReference; lastKnownFileType = text.plist.entitlements; path = Prankster.entitlements; sourceTree = "<group>"; };
		BDB6609B2D02208F0038D40D /* CoverGIF.gif */ = {isa = PBXFileReference; lastKnownFileType = image.gif; path = CoverGIF.gif; sourceTree = "<group>"; };
		BDB6609D2D0220940038D40D /* BannerAdUtility.swift */ = {isa = PBXFileReference; lastKnownFileType = sourcecode.swift; path = BannerAdUtility.swift; sourceTree = "<group>"; };
		BDB6609E2D0220940038D40D /* Extension.swift */ = {isa = PBXFileReference; lastKnownFileType = sourcecode.swift; path = Extension.swift; sourceTree = "<group>"; };
		BDB6609F2D0220940038D40D /* InterstitialAdUtility.swift */ = {isa = PBXFileReference; lastKnownFileType = sourcecode.swift; path = InterstitialAdUtility.swift; sourceTree = "<group>"; };
		BDB660A02D0220940038D40D /* LoadingFooterView.swift */ = {isa = PBXFileReference; lastKnownFileType = sourcecode.swift; path = LoadingFooterView.swift; sourceTree = "<group>"; };
		BDB660A12D0220940038D40D /* premiumManager.swift */ = {isa = PBXFileReference; lastKnownFileType = sourcecode.swift; path = premiumManager.swift; sourceTree = "<group>"; };
		BDB660A22D0220940038D40D /* RewardAdUtility.swift */ = {isa = PBXFileReference; lastKnownFileType = sourcecode.swift; path = RewardAdUtility.swift; sourceTree = "<group>"; };
		BDB660A32D0220940038D40D /* SFWConfiguration.swift */ = {isa = PBXFileReference; lastKnownFileType = sourcecode.swift; path = SFWConfiguration.swift; sourceTree = "<group>"; };
		BDB660A42D0220940038D40D /* Skeleton.swift */ = {isa = PBXFileReference; lastKnownFileType = sourcecode.swift; path = Skeleton.swift; sourceTree = "<group>"; };
		BDB660A52D0220940038D40D /* Snackbar.swift */ = {isa = PBXFileReference; lastKnownFileType = sourcecode.swift; path = Snackbar.swift; sourceTree = "<group>"; };
		BDB660A62D0220940038D40D /* StaticFunction.swift */ = {isa = PBXFileReference; lastKnownFileType = sourcecode.swift; path = StaticFunction.swift; sourceTree = "<group>"; };
		BDB660A72D0220940038D40D /* UIImage+GIF.swift */ = {isa = PBXFileReference; lastKnownFileType = sourcecode.swift; path = "UIImage+GIF.swift"; sourceTree = "<group>"; };
		BDB660B42D02210C0038D40D /* AudioCharacterAllCollectionViewCell.swift */ = {isa = PBXFileReference; lastKnownFileType = sourcecode.swift; path = AudioCharacterAllCollectionViewCell.swift; sourceTree = "<group>"; };
		BDB660B52D02210C0038D40D /* AudioCollectionViewCell.swift */ = {isa = PBXFileReference; lastKnownFileType = sourcecode.swift; path = AudioCollectionViewCell.swift; sourceTree = "<group>"; };
		BDB660B62D02210C0038D40D /* CoverPageCollectionViewCell.swift */ = {isa = PBXFileReference; lastKnownFileType = sourcecode.swift; path = CoverPageCollectionViewCell.swift; sourceTree = "<group>"; };
		BDB660B72D02210C0038D40D /* CustomCoverAllCollectionViewCell.swift */ = {isa = PBXFileReference; lastKnownFileType = sourcecode.swift; path = CustomCoverAllCollectionViewCell.swift; sourceTree = "<group>"; };
		BDB660B82D02210C0038D40D /* EmojiCoverAllCollectionViewCell.swift */ = {isa = PBXFileReference; lastKnownFileType = sourcecode.swift; path = EmojiCoverAllCollectionViewCell.swift; sourceTree = "<group>"; };
		BDB660B92D02210C0038D40D /* ImageCharacterAllCollectionViewCell.swift */ = {isa = PBXFileReference; lastKnownFileType = sourcecode.swift; path = ImageCharacterAllCollectionViewCell.swift; sourceTree = "<group>"; };
		BDB660BA2D02210C0038D40D /* ImageCollectionViewCell.swift */ = {isa = PBXFileReference; lastKnownFileType = sourcecode.swift; path = ImageCollectionViewCell.swift; sourceTree = "<group>"; };
		BDB660BB2D02210C0038D40D /* MoreAppCollectionViewCell.swift */ = {isa = PBXFileReference; lastKnownFileType = sourcecode.swift; path = MoreAppCollectionViewCell.swift; sourceTree = "<group>"; };
		BDB660BC2D02210C0038D40D /* RealisticCoverAllCollectionViewCell.swift */ = {isa = PBXFileReference; lastKnownFileType = sourcecode.swift; path = RealisticCoverAllCollectionViewCell.swift; sourceTree = "<group>"; };
		BDB660BD2D02210C0038D40D /* SpinnerCollectionViewCell.swift */ = {isa = PBXFileReference; lastKnownFileType = sourcecode.swift; path = SpinnerCollectionViewCell.swift; sourceTree = "<group>"; };
		BDB660BE2D02210C0038D40D /* VideoCharacterAllCollectionViewCell.swift */ = {isa = PBXFileReference; lastKnownFileType = sourcecode.swift; path = VideoCharacterAllCollectionViewCell.swift; sourceTree = "<group>"; };
		BDB660BF2D02210C0038D40D /* VideoCollectionViewCell.swift */ = {isa = PBXFileReference; lastKnownFileType = sourcecode.swift; path = VideoCollectionViewCell.swift; sourceTree = "<group>"; };
		BDB660C02D02210C0038D40D /* ViewLinkCollectionViewCell.swift */ = {isa = PBXFileReference; lastKnownFileType = sourcecode.swift; path = ViewLinkCollectionViewCell.swift; sourceTree = "<group>"; };
		BDB660C22D02210C0038D40D /* NoDataBottomBarView.swift */ = {isa = PBXFileReference; lastKnownFileType = sourcecode.swift; path = NoDataBottomBarView.swift; sourceTree = "<group>"; };
		BDB660C32D02210C0038D40D /* NoDataBottomBarView.xib */ = {isa = PBXFileReference; lastKnownFileType = file.xib; path = NoDataBottomBarView.xib; sourceTree = "<group>"; };
		BDB660C42D02210C0038D40D /* NoInternetBottombarView.swift */ = {isa = PBXFileReference; lastKnownFileType = sourcecode.swift; path = NoInternetBottombarView.swift; sourceTree = "<group>"; };
		BDB660C52D02210C0038D40D /* NoInternetBottombarView.xib */ = {isa = PBXFileReference; lastKnownFileType = file.xib; path = NoInternetBottombarView.xib; sourceTree = "<group>"; };
		BDB660C72D02210C0038D40D /* NoDataView.swift */ = {isa = PBXFileReference; lastKnownFileType = sourcecode.swift; path = NoDataView.swift; sourceTree = "<group>"; };
		BDB660C82D02210C0038D40D /* NoDataView.xib */ = {isa = PBXFileReference; lastKnownFileType = file.xib; path = NoDataView.xib; sourceTree = "<group>"; };
		BDB660C92D02210C0038D40D /* NoInternetView.swift */ = {isa = PBXFileReference; lastKnownFileType = sourcecode.swift; path = NoInternetView.swift; sourceTree = "<group>"; };
		BDB660CA2D02210C0038D40D /* NoInternetView.xib */ = {isa = PBXFileReference; lastKnownFileType = file.xib; path = NoInternetView.xib; sourceTree = "<group>"; };
		BDB660CB2D02210C0038D40D /* ShareView.swift */ = {isa = PBXFileReference; lastKnownFileType = sourcecode.swift; path = ShareView.swift; sourceTree = "<group>"; };
		BDB660CC2D02210C0038D40D /* ShareView.xib */ = {isa = PBXFileReference; lastKnownFileType = file.xib; path = ShareView.xib; sourceTree = "<group>"; };
		BDB660E52D0221220038D40D /* CategoryAllViewModel.swift */ = {isa = PBXFileReference; lastKnownFileType = sourcecode.swift; path = CategoryAllViewModel.swift; sourceTree = "<group>"; };
		BDB660E62D0221220038D40D /* CategoryViewModel.swift */ = {isa = PBXFileReference; lastKnownFileType = sourcecode.swift; path = CategoryViewModel.swift; sourceTree = "<group>"; };
		BDB660E72D0221220038D40D /* CoverPageViewModel.swift */ = {isa = PBXFileReference; lastKnownFileType = sourcecode.swift; path = CoverPageViewModel.swift; sourceTree = "<group>"; };
		BDB660E82D0221220038D40D /* MoreAppViewModel.swift */ = {isa = PBXFileReference; lastKnownFileType = sourcecode.swift; path = MoreAppViewModel.swift; sourceTree = "<group>"; };
		BDB660E92D0221220038D40D /* PrankViewModel.swift */ = {isa = PBXFileReference; lastKnownFileType = sourcecode.swift; path = PrankViewModel.swift; sourceTree = "<group>"; };
		BDB660EA2D0221220038D40D /* SpinnerViewModel.swift */ = {isa = PBXFileReference; lastKnownFileType = sourcecode.swift; path = SpinnerViewModel.swift; sourceTree = "<group>"; };
		BDB660F22D02214D0038D40D /* Model.swift */ = {isa = PBXFileReference; lastKnownFileType = sourcecode.swift; path = Model.swift; sourceTree = "<group>"; };
		BDB660F52D0221680038D40D /* CategoryAllAPI.swift */ = {isa = PBXFileReference; lastKnownFileType = sourcecode.swift; path = CategoryAllAPI.swift; sourceTree = "<group>"; };
		BDB660F62D0221680038D40D /* CategoryAPI.swift */ = {isa = PBXFileReference; lastKnownFileType = sourcecode.swift; path = CategoryAPI.swift; sourceTree = "<group>"; };
		BDB660F72D0221680038D40D /* CoverPageAPI.swift */ = {isa = PBXFileReference; lastKnownFileType = sourcecode.swift; path = CoverPageAPI.swift; sourceTree = "<group>"; };
		BDB660F82D0221680038D40D /* MoreAppAPI.swift */ = {isa = PBXFileReference; lastKnownFileType = sourcecode.swift; path = MoreAppAPI.swift; sourceTree = "<group>"; };
		BDB660F92D0221680038D40D /* PrankAPI.swift */ = {isa = PBXFileReference; lastKnownFileType = sourcecode.swift; path = PrankAPI.swift; sourceTree = "<group>"; };
		BDB660FA2D0221680038D40D /* SpinnerAPI.swift */ = {isa = PBXFileReference; lastKnownFileType = sourcecode.swift; path = SpinnerAPI.swift; sourceTree = "<group>"; };
		BDB661022D0223090038D40D /* AudioCategoryAllVC.swift */ = {isa = PBXFileReference; lastKnownFileType = sourcecode.swift; path = AudioCategoryAllVC.swift; sourceTree = "<group>"; };
		BDB661032D0223090038D40D /* AudioVC.swift */ = {isa = PBXFileReference; lastKnownFileType = sourcecode.swift; path = AudioVC.swift; sourceTree = "<group>"; };
		BDB661042D0223090038D40D /* AudioVisualizer.swift */ = {isa = PBXFileReference; lastKnownFileType = sourcecode.swift; path = AudioVisualizer.swift; sourceTree = "<group>"; };
		BDB661052D0223090038D40D /* CustomRecoderVC.swift */ = {isa = PBXFileReference; lastKnownFileType = sourcecode.swift; path = CustomRecoderVC.swift; sourceTree = "<group>"; };
		BDB661062D0223090038D40D /* SaveRecordingPopup.swift */ = {isa = PBXFileReference; lastKnownFileType = sourcecode.swift; path = SaveRecordingPopup.swift; sourceTree = "<group>"; };
		BDB661082D0223090038D40D /* CoverPageVC.swift */ = {isa = PBXFileReference; lastKnownFileType = sourcecode.swift; path = CoverPageVC.swift; sourceTree = "<group>"; };
		BDB661092D0223090038D40D /* CustomCoverPageVC.swift */ = {isa = PBXFileReference; lastKnownFileType = sourcecode.swift; path = CustomCoverPageVC.swift; sourceTree = "<group>"; };
		BDB6610A2D0223090038D40D /* EmojiCoverPageVC.swift */ = {isa = PBXFileReference; lastKnownFileType = sourcecode.swift; path = EmojiCoverPageVC.swift; sourceTree = "<group>"; };
		BDB6610B2D0223090038D40D /* RealisticCoverPageVC.swift */ = {isa = PBXFileReference; lastKnownFileType = sourcecode.swift; path = RealisticCoverPageVC.swift; sourceTree = "<group>"; };
		BDB6610D2D0223090038D40D /* ImageCategoryAllVC.swift */ = {isa = PBXFileReference; lastKnownFileType = sourcecode.swift; path = ImageCategoryAllVC.swift; sourceTree = "<group>"; };
		BDB6610E2D0223090038D40D /* ImageVC.swift */ = {isa = PBXFileReference; lastKnownFileType = sourcecode.swift; path = ImageVC.swift; sourceTree = "<group>"; };
		BDB661102D0223090038D40D /* VideoCategoryAllVC.swift */ = {isa = PBXFileReference; lastKnownFileType = sourcecode.swift; path = VideoCategoryAllVC.swift; sourceTree = "<group>"; };
		BDB661112D0223090038D40D /* VideoVC.swift */ = {isa = PBXFileReference; lastKnownFileType = sourcecode.swift; path = VideoVC.swift; sourceTree = "<group>"; };
		BDB661132D0223090038D40D /* HomeVC.swift */ = {isa = PBXFileReference; lastKnownFileType = sourcecode.swift; path = HomeVC.swift; sourceTree = "<group>"; };
		BDB661142D0223090038D40D /* LaunchVC.swift */ = {isa = PBXFileReference; lastKnownFileType = sourcecode.swift; path = LaunchVC.swift; sourceTree = "<group>"; };
		BDB661152D0223090038D40D /* MoreAppVC.swift */ = {isa = PBXFileReference; lastKnownFileType = sourcecode.swift; path = MoreAppVC.swift; sourceTree = "<group>"; };
		BDB661162D0223090038D40D /* PremiumPopupVC.swift */ = {isa = PBXFileReference; lastKnownFileType = sourcecode.swift; path = PremiumPopupVC.swift; sourceTree = "<group>"; };
		BDB661172D0223090038D40D /* PremiumVC.swift */ = {isa = PBXFileReference; lastKnownFileType = sourcecode.swift; path = PremiumVC.swift; sourceTree = "<group>"; };
		BDB661182D0223090038D40D /* ShareLinkPopup.swift */ = {isa = PBXFileReference; lastKnownFileType = sourcecode.swift; path = ShareLinkPopup.swift; sourceTree = "<group>"; };
		BDB661192D0223090038D40D /* ShareLinkVC.swift */ = {isa = PBXFileReference; lastKnownFileType = sourcecode.swift; path = ShareLinkVC.swift; sourceTree = "<group>"; };
		BDB6611A2D0223090038D40D /* SpinnerHistoryViewController.swift */ = {isa = PBXFileReference; lastKnownFileType = sourcecode.swift; path = SpinnerHistoryViewController.swift; sourceTree = "<group>"; };
		BDB6611B2D0223090038D40D /* SpinnerPreviewVC.swift */ = {isa = PBXFileReference; lastKnownFileType = sourcecode.swift; path = SpinnerPreviewVC.swift; sourceTree = "<group>"; };
		BDB6611C2D0223090038D40D /* ViewLinkVC.swift */ = {isa = PBXFileReference; lastKnownFileType = sourcecode.swift; path = ViewLinkVC.swift; sourceTree = "<group>"; };
		BDB661352D0223AB0038D40D /* SpinnerVC.swift */ = {isa = PBXFileReference; lastKnownFileType = sourcecode.swift; path = SpinnerVC.swift; sourceTree = "<group>"; };
		BDB661372D0224EC0038D40D /* LoadData.json */ = {isa = PBXFileReference; lastKnownFileType = text.json; path = LoadData.json; sourceTree = "<group>"; };
		BDB661382D0224EC0038D40D /* Loader.json */ = {isa = PBXFileReference; lastKnownFileType = text.json; path = Loader.json; sourceTree = "<group>"; };
		BDB661392D0224EC0038D40D /* Loading.json */ = {isa = PBXFileReference; lastKnownFileType = text.json; path = Loading.json; sourceTree = "<group>"; };
		BDB6613A2D0224EC0038D40D /* Nodata.json */ = {isa = PBXFileReference; lastKnownFileType = text.json; path = Nodata.json; sourceTree = "<group>"; };
		BDB6613B2D0224EC0038D40D /* NoInternet.json */ = {isa = PBXFileReference; lastKnownFileType = text.json; path = NoInternet.json; sourceTree = "<group>"; };
		BDB661432D0232850038D40D /* Auto-Update.json */ = {isa = PBXFileReference; lastKnownFileType = text.json; path = "Auto-Update.json"; sourceTree = "<group>"; };
		C9E5DE42C1582CC6F12FFEA4 /* Pods-Prankster-PranksterUITests.debug.xcconfig */ = {isa = PBXFileReference; includeInIndex = 1; lastKnownFileType = text.xcconfig; name = "Pods-Prankster-PranksterUITests.debug.xcconfig"; path = "Target Support Files/Pods-Prankster-PranksterUITests/Pods-Prankster-PranksterUITests.debug.xcconfig"; sourceTree = "<group>"; };
		DC340F686E4FBF078D71B1A1 /* Pods-OneSignalPushNotificationExtension.release.xcconfig */ = {isa = PBXFileReference; includeInIndex = 1; lastKnownFileType = text.xcconfig; name = "Pods-OneSignalPushNotificationExtension.release.xcconfig"; path = "Target Support Files/Pods-OneSignalPushNotificationExtension/Pods-OneSignalPushNotificationExtension.release.xcconfig"; sourceTree = "<group>"; };
		F2F386536D4DD55FA8FBFBA3 /* Pods_Prankster_PranksterUITests.framework */ = {isa = PBXFileReference; explicitFileType = wrapper.framework; includeInIndex = 0; path = Pods_Prankster_PranksterUITests.framework; sourceTree = BUILT_PRODUCTS_DIR; };
/* End PBXFileReference section */

/* Begin PBXFrameworksBuildPhase section */
		BD9E4D342D015550001B0F58 /* Frameworks */ = {
			isa = PBXFrameworksBuildPhase;
			buildActionMask = 2147483647;
			files = (
				BBD601D787D4F1939EC42421 /* Pods_Prankster.framework in Frameworks */,
			);
			runOnlyForDeploymentPostprocessing = 0;
		};
		BD9E4D4A2D015553001B0F58 /* Frameworks */ = {
			isa = PBXFrameworksBuildPhase;
			buildActionMask = 2147483647;
			files = (
				A027E7D7198CE8E461B45460 /* Pods_PranksterTests.framework in Frameworks */,
			);
			runOnlyForDeploymentPostprocessing = 0;
		};
		BD9E4D542D015553001B0F58 /* Frameworks */ = {
			isa = PBXFrameworksBuildPhase;
			buildActionMask = 2147483647;
			files = (
				C97F96366B5FEFDEE9FFAE93 /* Pods_Prankster_PranksterUITests.framework in Frameworks */,
			);
			runOnlyForDeploymentPostprocessing = 0;
		};
		BD9E4D852D015608001B0F58 /* Frameworks */ = {
			isa = PBXFrameworksBuildPhase;
			buildActionMask = 2147483647;
			files = (
				A46A2E8BC3FBF35C5C52F872 /* Pods_OneSignalPushNotificationExtension.framework in Frameworks */,
			);
			runOnlyForDeploymentPostprocessing = 0;
		};
/* End PBXFrameworksBuildPhase section */

/* Begin PBXGroup section */
		2349DCD1B87E5ED9AD7E18F4 /* Frameworks */ = {
			isa = PBXGroup;
			children = (
				05C81F81C61EF6E2150889DF /* Pods_Prankster.framework */,
				F2F386536D4DD55FA8FBFBA3 /* Pods_Prankster_PranksterUITests.framework */,
				584D1AE8DB89788FE60542E6 /* Pods_PranksterTests.framework */,
				61A521BA97626B1DC131AF3A /* Pods_OneSignalPushNotificationExtension.framework */,
			);
			name = Frameworks;
			sourceTree = "<group>";
		};
		BD9E4D2E2D015550001B0F58 = {
			isa = PBXGroup;
			children = (
				BD9E4D742D015557001B0F58 /* Prankster */,
				BD9E4D7D2D015559001B0F58 /* PranksterTests */,
				BD9E4D812D01555C001B0F58 /* PranksterUITests */,
				BD9E4D972D01560D001B0F58 /* OneSignalPushNotificationExtension */,
				BD9E4D382D015550001B0F58 /* Products */,
				D2C26FFD19B2BAC98176D155 /* Pods */,
				2349DCD1B87E5ED9AD7E18F4 /* Frameworks */,
			);
			sourceTree = "<group>";
		};
		BD9E4D382D015550001B0F58 /* Products */ = {
			isa = PBXGroup;
			children = (
				BD9E4D372D015550001B0F58 /* Prankster.app */,
				BD9E4D4D2D015553001B0F58 /* PranksterTests.xctest */,
				BD9E4D572D015553001B0F58 /* PranksterUITests.xctest */,
				BD9E4D882D015608001B0F58 /* OneSignalPushNotificationExtension.appex */,
			);
			name = Products;
			sourceTree = "<group>";
		};
		BD9E4D742D015557001B0F58 /* Prankster */ = {
			isa = PBXGroup;
			children = (
				BDB660982D021DE60038D40D /* Prankster.entitlements */,
				BD9E4DA22D015BA6001B0F58 /* Delegate */,
				BDB660A82D0220940038D40D /* Extension */,
				BDB6609A2D0220770038D40D /* GIF */,
				BDB660992D0220670038D40D /* TextFile */,
				BDB6613C2D0224EC0038D40D /* LottieJson */,
				BDB660F32D02214D0038D40D /* Model */,
				BDB660FB2D0221680038D40D /* APIManager */,
				BDB660EB2D0221220038D40D /* ViewModel */,
				BD9E4D9F2D015B10001B0F58 /* View */,
				BDB6611D2D0223090038D40D /* Controller */,
				BD9E4D6C2D015557001B0F58 /* Assets.xcassets */,
				BD9E4D9D2D0159DE001B0F58 /* Color.xcassets */,
				BD9E4D6D2D015557001B0F58 /* Info.plist */,
				BD9E4D9B2D0157C4001B0F58 /* GoogleService-Info.plist */,
			);
			path = Prankster;
			sourceTree = "<group>";
		};
		BD9E4D7D2D015559001B0F58 /* PranksterTests */ = {
			isa = PBXGroup;
			children = (
				BD9E4D7C2D015559001B0F58 /* PranksterTests.swift */,
			);
			path = PranksterTests;
			sourceTree = "<group>";
		};
		BD9E4D812D01555C001B0F58 /* PranksterUITests */ = {
			isa = PBXGroup;
			children = (
				BD9E4D7F2D01555C001B0F58 /* PranksterUITests.swift */,
				BD9E4D802D01555C001B0F58 /* PranksterUITestsLaunchTests.swift */,
			);
			path = PranksterUITests;
			sourceTree = "<group>";
		};
		BD9E4D972D01560D001B0F58 /* OneSignalPushNotificationExtension */ = {
			isa = PBXGroup;
			children = (
				BD9E4D952D01560D001B0F58 /* Info.plist */,
				BD9E4D962D01560D001B0F58 /* NotificationService.swift */,
			);
			path = OneSignalPushNotificationExtension;
			sourceTree = "<group>";
		};
		BD9E4D9F2D015B10001B0F58 /* View */ = {
			isa = PBXGroup;
			children = (
				BD9E4D712D015557001B0F58 /* Main.storyboard */,
				BD9E4D6F2D015557001B0F58 /* LaunchScreen.storyboard */,
				BDB660C12D02210C0038D40D /* Cell */,
				BDB660CD2D02210C0038D40D /* XIB */,
			);
			path = View;
			sourceTree = "<group>";
		};
		BD9E4DA22D015BA6001B0F58 /* Delegate */ = {
			isa = PBXGroup;
			children = (
				BD9E4D6B2D015557001B0F58 /* AppDelegate.swift */,
				BD9E4D722D015557001B0F58 /* SceneDelegate.swift */,
			);
			path = Delegate;
			sourceTree = "<group>";
		};
		BDB660992D0220670038D40D /* TextFile */ = {
			isa = PBXGroup;
			children = (
				BD9E4DA02D015B63001B0F58 /* KLEPHON.otf */,
			);
			path = TextFile;
			sourceTree = "<group>";
		};
		BDB6609A2D0220770038D40D /* GIF */ = {
			isa = PBXGroup;
			children = (
				BDB6609B2D02208F0038D40D /* CoverGIF.gif */,
			);
			path = GIF;
			sourceTree = "<group>";
		};
		BDB660A82D0220940038D40D /* Extension */ = {
			isa = PBXGroup;
			children = (
				BDB6609D2D0220940038D40D /* BannerAdUtility.swift */,
				BDB6609E2D0220940038D40D /* Extension.swift */,
				BDB6609F2D0220940038D40D /* InterstitialAdUtility.swift */,
				BDB660A02D0220940038D40D /* LoadingFooterView.swift */,
				BDB660A12D0220940038D40D /* premiumManager.swift */,
				BDB660A22D0220940038D40D /* RewardAdUtility.swift */,
				BDB660A32D0220940038D40D /* SFWConfiguration.swift */,
				BDB660A42D0220940038D40D /* Skeleton.swift */,
				BDB660A52D0220940038D40D /* Snackbar.swift */,
				BDB660A62D0220940038D40D /* StaticFunction.swift */,
				BDB660A72D0220940038D40D /* UIImage+GIF.swift */,
				BDB661432D0232850038D40D /* Auto-Update.json */,
			);
			path = Extension;
			sourceTree = "<group>";
		};
		BDB660C12D02210C0038D40D /* Cell */ = {
			isa = PBXGroup;
			children = (
				BDB660B42D02210C0038D40D /* AudioCharacterAllCollectionViewCell.swift */,
				BDB660B52D02210C0038D40D /* AudioCollectionViewCell.swift */,
				BDB660B62D02210C0038D40D /* CoverPageCollectionViewCell.swift */,
				BDB660B72D02210C0038D40D /* CustomCoverAllCollectionViewCell.swift */,
				BDB660B82D02210C0038D40D /* EmojiCoverAllCollectionViewCell.swift */,
				BDB660B92D02210C0038D40D /* ImageCharacterAllCollectionViewCell.swift */,
				BDB660BA2D02210C0038D40D /* ImageCollectionViewCell.swift */,
				BDB660BB2D02210C0038D40D /* MoreAppCollectionViewCell.swift */,
				BDB660BC2D02210C0038D40D /* RealisticCoverAllCollectionViewCell.swift */,
				BDB660BD2D02210C0038D40D /* SpinnerCollectionViewCell.swift */,
				BDB660BE2D02210C0038D40D /* VideoCharacterAllCollectionViewCell.swift */,
				BDB660BF2D02210C0038D40D /* VideoCollectionViewCell.swift */,
				BDB660C02D02210C0038D40D /* ViewLinkCollectionViewCell.swift */,
			);
			path = Cell;
			sourceTree = "<group>";
		};
		BDB660C62D02210C0038D40D /* BottombarXIB */ = {
			isa = PBXGroup;
			children = (
				BDB660C22D02210C0038D40D /* NoDataBottomBarView.swift */,
				BDB660C32D02210C0038D40D /* NoDataBottomBarView.xib */,
				BDB660C42D02210C0038D40D /* NoInternetBottombarView.swift */,
				BDB660C52D02210C0038D40D /* NoInternetBottombarView.xib */,
			);
			path = BottombarXIB;
			sourceTree = "<group>";
		};
		BDB660CD2D02210C0038D40D /* XIB */ = {
			isa = PBXGroup;
			children = (
				BDB660C62D02210C0038D40D /* BottombarXIB */,
				BDB660C72D02210C0038D40D /* NoDataView.swift */,
				BDB660C82D02210C0038D40D /* NoDataView.xib */,
				BDB660C92D02210C0038D40D /* NoInternetView.swift */,
				BDB660CA2D02210C0038D40D /* NoInternetView.xib */,
				BDB660CB2D02210C0038D40D /* ShareView.swift */,
				BDB660CC2D02210C0038D40D /* ShareView.xib */,
			);
			path = XIB;
			sourceTree = "<group>";
		};
		BDB660EB2D0221220038D40D /* ViewModel */ = {
			isa = PBXGroup;
			children = (
				BDB660E52D0221220038D40D /* CategoryAllViewModel.swift */,
				BDB660E62D0221220038D40D /* CategoryViewModel.swift */,
				BDB660E72D0221220038D40D /* CoverPageViewModel.swift */,
				BDB660E82D0221220038D40D /* MoreAppViewModel.swift */,
				BDB660E92D0221220038D40D /* PrankViewModel.swift */,
				BDB660EA2D0221220038D40D /* SpinnerViewModel.swift */,
			);
			path = ViewModel;
			sourceTree = "<group>";
		};
		BDB660F32D02214D0038D40D /* Model */ = {
			isa = PBXGroup;
			children = (
				BDB660F22D02214D0038D40D /* Model.swift */,
			);
			path = Model;
			sourceTree = "<group>";
		};
		BDB660FB2D0221680038D40D /* APIManager */ = {
			isa = PBXGroup;
			children = (
				BDB660F52D0221680038D40D /* CategoryAllAPI.swift */,
				BDB660F62D0221680038D40D /* CategoryAPI.swift */,
				BDB660F72D0221680038D40D /* CoverPageAPI.swift */,
				BDB660F82D0221680038D40D /* MoreAppAPI.swift */,
				BDB660F92D0221680038D40D /* PrankAPI.swift */,
				BDB660FA2D0221680038D40D /* SpinnerAPI.swift */,
			);
			path = APIManager;
			sourceTree = "<group>";
		};
		BDB661072D0223090038D40D /* Audio */ = {
			isa = PBXGroup;
			children = (
				BDB661022D0223090038D40D /* AudioCategoryAllVC.swift */,
				BDB661032D0223090038D40D /* AudioVC.swift */,
				BDB661042D0223090038D40D /* AudioVisualizer.swift */,
				BDB661052D0223090038D40D /* CustomRecoderVC.swift */,
				BDB661062D0223090038D40D /* SaveRecordingPopup.swift */,
			);
			path = Audio;
			sourceTree = "<group>";
		};
		BDB6610C2D0223090038D40D /* CoverPage */ = {
			isa = PBXGroup;
			children = (
				BDB661082D0223090038D40D /* CoverPageVC.swift */,
				BDB661092D0223090038D40D /* CustomCoverPageVC.swift */,
				BDB6610A2D0223090038D40D /* EmojiCoverPageVC.swift */,
				BDB6610B2D0223090038D40D /* RealisticCoverPageVC.swift */,
			);
			path = CoverPage;
			sourceTree = "<group>";
		};
		BDB6610F2D0223090038D40D /* Image */ = {
			isa = PBXGroup;
			children = (
				BDB6610D2D0223090038D40D /* ImageCategoryAllVC.swift */,
				BDB6610E2D0223090038D40D /* ImageVC.swift */,
			);
			path = Image;
			sourceTree = "<group>";
		};
		BDB661122D0223090038D40D /* Video */ = {
			isa = PBXGroup;
			children = (
				BDB661102D0223090038D40D /* VideoCategoryAllVC.swift */,
				BDB661112D0223090038D40D /* VideoVC.swift */,
			);
			path = Video;
			sourceTree = "<group>";
		};
		BDB6611D2D0223090038D40D /* Controller */ = {
			isa = PBXGroup;
			children = (
				BDB661072D0223090038D40D /* Audio */,
				BDB6610C2D0223090038D40D /* CoverPage */,
				BDB6610F2D0223090038D40D /* Image */,
				BDB661122D0223090038D40D /* Video */,
				BDB661142D0223090038D40D /* LaunchVC.swift */,
				BDB661132D0223090038D40D /* HomeVC.swift */,
				BDB661152D0223090038D40D /* MoreAppVC.swift */,
				BDB661162D0223090038D40D /* PremiumPopupVC.swift */,
				BDB661172D0223090038D40D /* PremiumVC.swift */,
				BDB661182D0223090038D40D /* ShareLinkPopup.swift */,
				BDB661192D0223090038D40D /* ShareLinkVC.swift */,
				BDB6611A2D0223090038D40D /* SpinnerHistoryViewController.swift */,
				BDB6611B2D0223090038D40D /* SpinnerPreviewVC.swift */,
				BDB6611C2D0223090038D40D /* ViewLinkVC.swift */,
				BDB661352D0223AB0038D40D /* SpinnerVC.swift */,
			);
			path = Controller;
			sourceTree = "<group>";
		};
		BDB6613C2D0224EC0038D40D /* LottieJson */ = {
			isa = PBXGroup;
			children = (
				BDB661372D0224EC0038D40D /* LoadData.json */,
				BDB661382D0224EC0038D40D /* Loader.json */,
				BDB661392D0224EC0038D40D /* Loading.json */,
				BDB6613A2D0224EC0038D40D /* Nodata.json */,
				BDB6613B2D0224EC0038D40D /* NoInternet.json */,
			);
			path = LottieJson;
			sourceTree = "<group>";
		};
		D2C26FFD19B2BAC98176D155 /* Pods */ = {
			isa = PBXGroup;
			children = (
				1E35DAC713AB274E69C2097F /* Pods-Prankster.debug.xcconfig */,
				9A81AB1557380DA331E4A6CA /* Pods-Prankster.release.xcconfig */,
				C9E5DE42C1582CC6F12FFEA4 /* Pods-Prankster-PranksterUITests.debug.xcconfig */,
				2B55F5CD0FC10C6B32A7534D /* Pods-Prankster-PranksterUITests.release.xcconfig */,
				75071A31ADC3B45055879804 /* Pods-PranksterTests.debug.xcconfig */,
				65CE6E944F0FA174BB455D6A /* Pods-PranksterTests.release.xcconfig */,
				A4E59631301AE7E0D84ED8CB /* Pods-OneSignalPushNotificationExtension.debug.xcconfig */,
				DC340F686E4FBF078D71B1A1 /* Pods-OneSignalPushNotificationExtension.release.xcconfig */,
			);
			path = Pods;
			sourceTree = "<group>";
		};
/* End PBXGroup section */

/* Begin PBXNativeTarget section */
		BD9E4D362D015550001B0F58 /* Prankster */ = {
			isa = PBXNativeTarget;
			buildConfigurationList = BD9E4D602D015553001B0F58 /* Build configuration list for PBXNativeTarget "Prankster" */;
			buildPhases = (
				E80A8CBFBA58DDDF7723EDC0 /* [CP] Check Pods Manifest.lock */,
				BD9E4D332D015550001B0F58 /* Sources */,
				BD9E4D342D015550001B0F58 /* Frameworks */,
				BD9E4D352D015550001B0F58 /* Resources */,
				BD9E4D902D015608001B0F58 /* Embed Foundation Extensions */,
				10DBA297478773851F0E6877 /* [CP] Embed Pods Frameworks */,
				E2BBA98AE36E21FC37949D5C /* [CP] Copy Pods Resources */,
				BDB661422D02271A0038D40D /* ShellScript */,
			);
			buildRules = (
			);
			dependencies = (
				BD9E4D8E2D015608001B0F58 /* PBXTargetDependency */,
			);
			name = Prankster;
			productName = Prankster;
			productReference = BD9E4D372D015550001B0F58 /* Prankster.app */;
			productType = "com.apple.product-type.application";
		};
		BD9E4D4C2D015553001B0F58 /* PranksterTests */ = {
			isa = PBXNativeTarget;
			buildConfigurationList = BD9E4D652D015553001B0F58 /* Build configuration list for PBXNativeTarget "PranksterTests" */;
			buildPhases = (
				EC9E4CFD16FE8230A52DC144 /* [CP] Check Pods Manifest.lock */,
				BD9E4D492D015553001B0F58 /* Sources */,
				BD9E4D4A2D015553001B0F58 /* Frameworks */,
				BD9E4D4B2D015553001B0F58 /* Resources */,
			);
			buildRules = (
			);
			dependencies = (
				BD9E4D4F2D015553001B0F58 /* PBXTargetDependency */,
			);
			name = PranksterTests;
			productName = PranksterTests;
			productReference = BD9E4D4D2D015553001B0F58 /* PranksterTests.xctest */;
			productType = "com.apple.product-type.bundle.unit-test";
		};
		BD9E4D562D015553001B0F58 /* PranksterUITests */ = {
			isa = PBXNativeTarget;
			buildConfigurationList = BD9E4D682D015553001B0F58 /* Build configuration list for PBXNativeTarget "PranksterUITests" */;
			buildPhases = (
				F5721142022A0CE36B3B49CB /* [CP] Check Pods Manifest.lock */,
				BD9E4D532D015553001B0F58 /* Sources */,
				BD9E4D542D015553001B0F58 /* Frameworks */,
				BD9E4D552D015553001B0F58 /* Resources */,
				6AAF871501813739852F8DE3 /* [CP] Embed Pods Frameworks */,
				9CEF8496DD27C0D446EF71A3 /* [CP] Copy Pods Resources */,
			);
			buildRules = (
			);
			dependencies = (
				BD9E4D592D015553001B0F58 /* PBXTargetDependency */,
			);
			name = PranksterUITests;
			productName = PranksterUITests;
			productReference = BD9E4D572D015553001B0F58 /* PranksterUITests.xctest */;
			productType = "com.apple.product-type.bundle.ui-testing";
		};
		BD9E4D872D015608001B0F58 /* OneSignalPushNotificationExtension */ = {
			isa = PBXNativeTarget;
			buildConfigurationList = BD9E4D942D015608001B0F58 /* Build configuration list for PBXNativeTarget "OneSignalPushNotificationExtension" */;
			buildPhases = (
				E25D190AF115141E4E74D5B9 /* [CP] Check Pods Manifest.lock */,
				BD9E4D842D015608001B0F58 /* Sources */,
				BD9E4D852D015608001B0F58 /* Frameworks */,
				BD9E4D862D015608001B0F58 /* Resources */,
			);
			buildRules = (
			);
			dependencies = (
			);
			name = OneSignalPushNotificationExtension;
			productName = OneSignalPushNotificationExtension;
			productReference = BD9E4D882D015608001B0F58 /* OneSignalPushNotificationExtension.appex */;
			productType = "com.apple.product-type.app-extension";
		};
/* End PBXNativeTarget section */

/* Begin PBXProject section */
		BD9E4D2F2D015550001B0F58 /* Project object */ = {
			isa = PBXProject;
			attributes = {
				BuildIndependentTargetsInParallel = 1;
				LastSwiftUpdateCheck = 1610;
				LastUpgradeCheck = 1610;
				TargetAttributes = {
					BD9E4D362D015550001B0F58 = {
						CreatedOnToolsVersion = 16.1;
					};
					BD9E4D4C2D015553001B0F58 = {
						CreatedOnToolsVersion = 16.1;
						TestTargetID = BD9E4D362D015550001B0F58;
					};
					BD9E4D562D015553001B0F58 = {
						CreatedOnToolsVersion = 16.1;
						TestTargetID = BD9E4D362D015550001B0F58;
					};
					BD9E4D872D015608001B0F58 = {
						CreatedOnToolsVersion = 16.1;
					};
				};
			};
			buildConfigurationList = BD9E4D322D015550001B0F58 /* Build configuration list for PBXProject "Prankster" */;
			compatibilityVersion = "Xcode 14.0";
			developmentRegion = en;
			hasScannedForEncodings = 0;
			knownRegions = (
				en,
				Base,
			);
			mainGroup = BD9E4D2E2D015550001B0F58;
			productRefGroup = BD9E4D382D015550001B0F58 /* Products */;
			projectDirPath = "";
			projectRoot = "";
			targets = (
				BD9E4D362D015550001B0F58 /* Prankster */,
				BD9E4D4C2D015553001B0F58 /* PranksterTests */,
				BD9E4D562D015553001B0F58 /* PranksterUITests */,
				BD9E4D872D015608001B0F58 /* OneSignalPushNotificationExtension */,
			);
		};
/* End PBXProject section */

/* Begin PBXResourcesBuildPhase section */
		BD9E4D352D015550001B0F58 /* Resources */ = {
			isa = PBXResourcesBuildPhase;
			buildActionMask = 2147483647;
			files = (
				BD9E4D752D015557001B0F58 /* Assets.xcassets in Resources */,
				BD9E4D9C2D0157C4001B0F58 /* GoogleService-Info.plist in Resources */,
				BD9E4D9E2D0159DE001B0F58 /* Color.xcassets in Resources */,
				BD9E4DA12D015B63001B0F58 /* KLEPHON.otf in Resources */,
				BDB660E02D02210C0038D40D /* ShareView.xib in Resources */,
				BDB660E12D02210C0038D40D /* NoDataBottomBarView.xib in Resources */,
				BDB660E22D02210C0038D40D /* NoDataView.xib in Resources */,
				BDB660E32D02210C0038D40D /* NoInternetView.xib in Resources */,
				BDB660E42D02210C0038D40D /* NoInternetBottombarView.xib in Resources */,
				BD9E4D772D015557001B0F58 /* LaunchScreen.storyboard in Resources */,
				BD9E4D782D015557001B0F58 /* Main.storyboard in Resources */,
				BDB6613D2D0224EC0038D40D /* LoadData.json in Resources */,
				BDB6613E2D0224EC0038D40D /* Loader.json in Resources */,
				BDB661442D0232850038D40D /* Auto-Update.json in Resources */,
				BDB6613F2D0224EC0038D40D /* Nodata.json in Resources */,
				BDB661402D0224EC0038D40D /* NoInternet.json in Resources */,
				BDB661412D0224EC0038D40D /* Loading.json in Resources */,
				BDB6609C2D02208F0038D40D /* CoverGIF.gif in Resources */,
			);
			runOnlyForDeploymentPostprocessing = 0;
		};
		BD9E4D4B2D015553001B0F58 /* Resources */ = {
			isa = PBXResourcesBuildPhase;
			buildActionMask = 2147483647;
			files = (
			);
			runOnlyForDeploymentPostprocessing = 0;
		};
		BD9E4D552D015553001B0F58 /* Resources */ = {
			isa = PBXResourcesBuildPhase;
			buildActionMask = 2147483647;
			files = (
			);
			runOnlyForDeploymentPostprocessing = 0;
		};
		BD9E4D862D015608001B0F58 /* Resources */ = {
			isa = PBXResourcesBuildPhase;
			buildActionMask = 2147483647;
			files = (
			);
			runOnlyForDeploymentPostprocessing = 0;
		};
/* End PBXResourcesBuildPhase section */

/* Begin PBXShellScriptBuildPhase section */
		10DBA297478773851F0E6877 /* [CP] Embed Pods Frameworks */ = {
			isa = PBXShellScriptBuildPhase;
			buildActionMask = 2147483647;
			files = (
			);
			inputFileListPaths = (
				"${PODS_ROOT}/Target Support Files/Pods-Prankster/Pods-Prankster-frameworks-${CONFIGURATION}-input-files.xcfilelist",
			);
			name = "[CP] Embed Pods Frameworks";
			outputFileListPaths = (
				"${PODS_ROOT}/Target Support Files/Pods-Prankster/Pods-Prankster-frameworks-${CONFIGURATION}-output-files.xcfilelist",
			);
			runOnlyForDeploymentPostprocessing = 0;
			shellPath = /bin/sh;
			shellScript = "\"${PODS_ROOT}/Target Support Files/Pods-Prankster/Pods-Prankster-frameworks.sh\"\n";
			showEnvVarsInLog = 0;
		};
		6AAF871501813739852F8DE3 /* [CP] Embed Pods Frameworks */ = {
			isa = PBXShellScriptBuildPhase;
			buildActionMask = 2147483647;
			files = (
			);
			inputFileListPaths = (
				"${PODS_ROOT}/Target Support Files/Pods-Prankster-PranksterUITests/Pods-Prankster-PranksterUITests-frameworks-${CONFIGURATION}-input-files.xcfilelist",
			);
			name = "[CP] Embed Pods Frameworks";
			outputFileListPaths = (
				"${PODS_ROOT}/Target Support Files/Pods-Prankster-PranksterUITests/Pods-Prankster-PranksterUITests-frameworks-${CONFIGURATION}-output-files.xcfilelist",
			);
			runOnlyForDeploymentPostprocessing = 0;
			shellPath = /bin/sh;
			shellScript = "\"${PODS_ROOT}/Target Support Files/Pods-Prankster-PranksterUITests/Pods-Prankster-PranksterUITests-frameworks.sh\"\n";
			showEnvVarsInLog = 0;
		};
		9CEF8496DD27C0D446EF71A3 /* [CP] Copy Pods Resources */ = {
			isa = PBXShellScriptBuildPhase;
			buildActionMask = 2147483647;
			files = (
			);
			inputFileListPaths = (
				"${PODS_ROOT}/Target Support Files/Pods-Prankster-PranksterUITests/Pods-Prankster-PranksterUITests-resources-${CONFIGURATION}-input-files.xcfilelist",
			);
			name = "[CP] Copy Pods Resources";
			outputFileListPaths = (
				"${PODS_ROOT}/Target Support Files/Pods-Prankster-PranksterUITests/Pods-Prankster-PranksterUITests-resources-${CONFIGURATION}-output-files.xcfilelist",
			);
			runOnlyForDeploymentPostprocessing = 0;
			shellPath = /bin/sh;
			shellScript = "\"${PODS_ROOT}/Target Support Files/Pods-Prankster-PranksterUITests/Pods-Prankster-PranksterUITests-resources.sh\"\n";
			showEnvVarsInLog = 0;
		};
		BDB661422D02271A0038D40D /* ShellScript */ = {
			isa = PBXShellScriptBuildPhase;
			buildActionMask = 2147483647;
			files = (
			);
			inputFileListPaths = (
			);
			inputPaths = (
				"${DWARF_DSYM_FOLDER_PATH}/${DWARF_DSYM_FILE_NAME}",
				"${DWARF_DSYM_FOLDER_PATH}/${DWARF_DSYM_FILE_NAME}/Contents/Resources/DWARF/${PRODUCT_NAME}\n",
				"${DWARF_DSYM_FOLDER_PATH}/${DWARF_DSYM_FILE_NAME}/Contents/Info.plist\n",
				"$(TARGET_BUILD_DIR)/$(UNLOCALIZED_RESOURCES_FOLDER_PATH)/GoogleService-Info.plist\n",
				"$(TARGET_BUILD_DIR)/$(EXECUTABLE_PATH)\n",
			);
			outputFileListPaths = (
			);
			outputPaths = (
			);
			runOnlyForDeploymentPostprocessing = 0;
			shellPath = /bin/sh;
			shellScript = "# Type a script or drag a script file from your workspace to insert its path.\n\"${PODS_ROOT}/FirebaseCrashlytics/run\"\n";
		};
		E25D190AF115141E4E74D5B9 /* [CP] Check Pods Manifest.lock */ = {
			isa = PBXShellScriptBuildPhase;
			buildActionMask = 2147483647;
			files = (
			);
			inputFileListPaths = (
			);
			inputPaths = (
				"${PODS_PODFILE_DIR_PATH}/Podfile.lock",
				"${PODS_ROOT}/Manifest.lock",
			);
			name = "[CP] Check Pods Manifest.lock";
			outputFileListPaths = (
			);
			outputPaths = (
				"$(DERIVED_FILE_DIR)/Pods-OneSignalPushNotificationExtension-checkManifestLockResult.txt",
			);
			runOnlyForDeploymentPostprocessing = 0;
			shellPath = /bin/sh;
			shellScript = "diff \"${PODS_PODFILE_DIR_PATH}/Podfile.lock\" \"${PODS_ROOT}/Manifest.lock\" > /dev/null\nif [ $? != 0 ] ; then\n    # print error to STDERR\n    echo \"error: The sandbox is not in sync with the Podfile.lock. Run 'pod install' or update your CocoaPods installation.\" >&2\n    exit 1\nfi\n# This output is used by Xcode 'outputs' to avoid re-running this script phase.\necho \"SUCCESS\" > \"${SCRIPT_OUTPUT_FILE_0}\"\n";
			showEnvVarsInLog = 0;
		};
		E2BBA98AE36E21FC37949D5C /* [CP] Copy Pods Resources */ = {
			isa = PBXShellScriptBuildPhase;
			buildActionMask = 2147483647;
			files = (
			);
			inputFileListPaths = (
				"${PODS_ROOT}/Target Support Files/Pods-Prankster/Pods-Prankster-resources-${CONFIGURATION}-input-files.xcfilelist",
			);
			name = "[CP] Copy Pods Resources";
			outputFileListPaths = (
				"${PODS_ROOT}/Target Support Files/Pods-Prankster/Pods-Prankster-resources-${CONFIGURATION}-output-files.xcfilelist",
			);
			runOnlyForDeploymentPostprocessing = 0;
			shellPath = /bin/sh;
			shellScript = "\"${PODS_ROOT}/Target Support Files/Pods-Prankster/Pods-Prankster-resources.sh\"\n";
			showEnvVarsInLog = 0;
		};
		E80A8CBFBA58DDDF7723EDC0 /* [CP] Check Pods Manifest.lock */ = {
			isa = PBXShellScriptBuildPhase;
			buildActionMask = 2147483647;
			files = (
			);
			inputFileListPaths = (
			);
			inputPaths = (
				"${PODS_PODFILE_DIR_PATH}/Podfile.lock",
				"${PODS_ROOT}/Manifest.lock",
			);
			name = "[CP] Check Pods Manifest.lock";
			outputFileListPaths = (
			);
			outputPaths = (
				"$(DERIVED_FILE_DIR)/Pods-Prankster-checkManifestLockResult.txt",
			);
			runOnlyForDeploymentPostprocessing = 0;
			shellPath = /bin/sh;
			shellScript = "diff \"${PODS_PODFILE_DIR_PATH}/Podfile.lock\" \"${PODS_ROOT}/Manifest.lock\" > /dev/null\nif [ $? != 0 ] ; then\n    # print error to STDERR\n    echo \"error: The sandbox is not in sync with the Podfile.lock. Run 'pod install' or update your CocoaPods installation.\" >&2\n    exit 1\nfi\n# This output is used by Xcode 'outputs' to avoid re-running this script phase.\necho \"SUCCESS\" > \"${SCRIPT_OUTPUT_FILE_0}\"\n";
			showEnvVarsInLog = 0;
		};
		EC9E4CFD16FE8230A52DC144 /* [CP] Check Pods Manifest.lock */ = {
			isa = PBXShellScriptBuildPhase;
			buildActionMask = 2147483647;
			files = (
			);
			inputFileListPaths = (
			);
			inputPaths = (
				"${PODS_PODFILE_DIR_PATH}/Podfile.lock",
				"${PODS_ROOT}/Manifest.lock",
			);
			name = "[CP] Check Pods Manifest.lock";
			outputFileListPaths = (
			);
			outputPaths = (
				"$(DERIVED_FILE_DIR)/Pods-PranksterTests-checkManifestLockResult.txt",
			);
			runOnlyForDeploymentPostprocessing = 0;
			shellPath = /bin/sh;
			shellScript = "diff \"${PODS_PODFILE_DIR_PATH}/Podfile.lock\" \"${PODS_ROOT}/Manifest.lock\" > /dev/null\nif [ $? != 0 ] ; then\n    # print error to STDERR\n    echo \"error: The sandbox is not in sync with the Podfile.lock. Run 'pod install' or update your CocoaPods installation.\" >&2\n    exit 1\nfi\n# This output is used by Xcode 'outputs' to avoid re-running this script phase.\necho \"SUCCESS\" > \"${SCRIPT_OUTPUT_FILE_0}\"\n";
			showEnvVarsInLog = 0;
		};
		F5721142022A0CE36B3B49CB /* [CP] Check Pods Manifest.lock */ = {
			isa = PBXShellScriptBuildPhase;
			buildActionMask = 2147483647;
			files = (
			);
			inputFileListPaths = (
			);
			inputPaths = (
				"${PODS_PODFILE_DIR_PATH}/Podfile.lock",
				"${PODS_ROOT}/Manifest.lock",
			);
			name = "[CP] Check Pods Manifest.lock";
			outputFileListPaths = (
			);
			outputPaths = (
				"$(DERIVED_FILE_DIR)/Pods-Prankster-PranksterUITests-checkManifestLockResult.txt",
			);
			runOnlyForDeploymentPostprocessing = 0;
			shellPath = /bin/sh;
			shellScript = "diff \"${PODS_PODFILE_DIR_PATH}/Podfile.lock\" \"${PODS_ROOT}/Manifest.lock\" > /dev/null\nif [ $? != 0 ] ; then\n    # print error to STDERR\n    echo \"error: The sandbox is not in sync with the Podfile.lock. Run 'pod install' or update your CocoaPods installation.\" >&2\n    exit 1\nfi\n# This output is used by Xcode 'outputs' to avoid re-running this script phase.\necho \"SUCCESS\" > \"${SCRIPT_OUTPUT_FILE_0}\"\n";
			showEnvVarsInLog = 0;
		};
/* End PBXShellScriptBuildPhase section */

/* Begin PBXSourcesBuildPhase section */
		BD9E4D332D015550001B0F58 /* Sources */ = {
			isa = PBXSourcesBuildPhase;
			buildActionMask = 2147483647;
			files = (
				BD9E4D792D015557001B0F58 /* AppDelegate.swift in Sources */,
				BD9E4D7A2D015557001B0F58 /* SceneDelegate.swift in Sources */,
				BDB660A92D0220940038D40D /* Snackbar.swift in Sources */,
				BDB660FC2D0221680038D40D /* CategoryAPI.swift in Sources */,
				BDB660FD2D0221680038D40D /* PrankAPI.swift in Sources */,
				BDB660FE2D0221680038D40D /* SpinnerAPI.swift in Sources */,
				BDB660FF2D0221680038D40D /* MoreAppAPI.swift in Sources */,
				BDB661002D0221680038D40D /* CategoryAllAPI.swift in Sources */,
				BDB661012D0221680038D40D /* CoverPageAPI.swift in Sources */,
				BDB660AA2D0220940038D40D /* BannerAdUtility.swift in Sources */,
				BDB660AB2D0220940038D40D /* Extension.swift in Sources */,
				BDB660AC2D0220940038D40D /* SFWConfiguration.swift in Sources */,
				BDB660F42D02214D0038D40D /* Model.swift in Sources */,
				BDB660AD2D0220940038D40D /* UIImage+GIF.swift in Sources */,
				BDB660AE2D0220940038D40D /* LoadingFooterView.swift in Sources */,
				BDB660AF2D0220940038D40D /* RewardAdUtility.swift in Sources */,
				BDB661362D0223AB0038D40D /* SpinnerVC.swift in Sources */,
				BDB660B02D0220940038D40D /* premiumManager.swift in Sources */,
				BDB660CE2D02210C0038D40D /* CustomCoverAllCollectionViewCell.swift in Sources */,
				BDB660CF2D02210C0038D40D /* NoInternetBottombarView.swift in Sources */,
				BDB660D02D02210C0038D40D /* MoreAppCollectionViewCell.swift in Sources */,
				BDB660D12D02210C0038D40D /* ShareView.swift in Sources */,
				BDB660D22D02210C0038D40D /* NoDataView.swift in Sources */,
				BDB660D32D02210C0038D40D /* VideoCharacterAllCollectionViewCell.swift in Sources */,
				BDB660D42D02210C0038D40D /* NoDataBottomBarView.swift in Sources */,
				BDB660D52D02210C0038D40D /* EmojiCoverAllCollectionViewCell.swift in Sources */,
				BDB660D62D02210C0038D40D /* RealisticCoverAllCollectionViewCell.swift in Sources */,
				BDB660D72D02210C0038D40D /* AudioCollectionViewCell.swift in Sources */,
				BDB6611E2D0223090038D40D /* ImageCategoryAllVC.swift in Sources */,
				BDB6611F2D0223090038D40D /* PremiumVC.swift in Sources */,
				BDB661202D0223090038D40D /* EmojiCoverPageVC.swift in Sources */,
				BDB661212D0223090038D40D /* CoverPageVC.swift in Sources */,
				BDB661222D0223090038D40D /* SpinnerHistoryViewController.swift in Sources */,
				BDB661232D0223090038D40D /* ShareLinkVC.swift in Sources */,
				BDB661242D0223090038D40D /* LaunchVC.swift in Sources */,
				BDB661252D0223090038D40D /* PremiumPopupVC.swift in Sources */,
				BDB661262D0223090038D40D /* VideoCategoryAllVC.swift in Sources */,
				BDB661272D0223090038D40D /* MoreAppVC.swift in Sources */,
				BDB661282D0223090038D40D /* VideoVC.swift in Sources */,
				BDB661292D0223090038D40D /* HomeVC.swift in Sources */,
				BDB6612A2D0223090038D40D /* SaveRecordingPopup.swift in Sources */,
				BDB6612B2D0223090038D40D /* AudioVisualizer.swift in Sources */,
				BDB6612C2D0223090038D40D /* RealisticCoverPageVC.swift in Sources */,
				BDB6612D2D0223090038D40D /* CustomRecoderVC.swift in Sources */,
				BDB6612E2D0223090038D40D /* AudioVC.swift in Sources */,
				BDB6612F2D0223090038D40D /* ShareLinkPopup.swift in Sources */,
				BDB661302D0223090038D40D /* CustomCoverPageVC.swift in Sources */,
				BDB661312D0223090038D40D /* ViewLinkVC.swift in Sources */,
				BDB661322D0223090038D40D /* SpinnerPreviewVC.swift in Sources */,
				BDB661332D0223090038D40D /* ImageVC.swift in Sources */,
				BDB661342D0223090038D40D /* AudioCategoryAllVC.swift in Sources */,
				BDB660D82D02210C0038D40D /* ImageCollectionViewCell.swift in Sources */,
				BDB660D92D02210C0038D40D /* CoverPageCollectionViewCell.swift in Sources */,
				BDB660DA2D02210C0038D40D /* VideoCollectionViewCell.swift in Sources */,
				BDB660DB2D02210C0038D40D /* AudioCharacterAllCollectionViewCell.swift in Sources */,
				BDB660DC2D02210C0038D40D /* ImageCharacterAllCollectionViewCell.swift in Sources */,
				BDB660DD2D02210C0038D40D /* SpinnerCollectionViewCell.swift in Sources */,
				BDB660DE2D02210C0038D40D /* ViewLinkCollectionViewCell.swift in Sources */,
				BDB660DF2D02210C0038D40D /* NoInternetView.swift in Sources */,
				BDB660B12D0220940038D40D /* InterstitialAdUtility.swift in Sources */,
				BDB660B22D0220940038D40D /* StaticFunction.swift in Sources */,
				BDB660B32D0220940038D40D /* Skeleton.swift in Sources */,
				BDB660EC2D0221220038D40D /* PrankViewModel.swift in Sources */,
				BDB660ED2D0221220038D40D /* CategoryViewModel.swift in Sources */,
				BDB660EE2D0221220038D40D /* SpinnerViewModel.swift in Sources */,
				BDB660EF2D0221220038D40D /* CategoryAllViewModel.swift in Sources */,
				BDB660F02D0221220038D40D /* MoreAppViewModel.swift in Sources */,
				BDB660F12D0221220038D40D /* CoverPageViewModel.swift in Sources */,
			);
			runOnlyForDeploymentPostprocessing = 0;
		};
		BD9E4D492D015553001B0F58 /* Sources */ = {
			isa = PBXSourcesBuildPhase;
			buildActionMask = 2147483647;
			files = (
				BD9E4D7E2D015559001B0F58 /* PranksterTests.swift in Sources */,
			);
			runOnlyForDeploymentPostprocessing = 0;
		};
		BD9E4D532D015553001B0F58 /* Sources */ = {
			isa = PBXSourcesBuildPhase;
			buildActionMask = 2147483647;
			files = (
				BD9E4D822D01555C001B0F58 /* PranksterUITests.swift in Sources */,
				BD9E4D832D01555C001B0F58 /* PranksterUITestsLaunchTests.swift in Sources */,
			);
			runOnlyForDeploymentPostprocessing = 0;
		};
		BD9E4D842D015608001B0F58 /* Sources */ = {
			isa = PBXSourcesBuildPhase;
			buildActionMask = 2147483647;
			files = (
				BD9E4D982D01560D001B0F58 /* NotificationService.swift in Sources */,
			);
			runOnlyForDeploymentPostprocessing = 0;
		};
/* End PBXSourcesBuildPhase section */

/* Begin PBXTargetDependency section */
		BD9E4D4F2D015553001B0F58 /* PBXTargetDependency */ = {
			isa = PBXTargetDependency;
			target = BD9E4D362D015550001B0F58 /* Prankster */;
			targetProxy = BD9E4D4E2D015553001B0F58 /* PBXContainerItemProxy */;
		};
		BD9E4D592D015553001B0F58 /* PBXTargetDependency */ = {
			isa = PBXTargetDependency;
			target = BD9E4D362D015550001B0F58 /* Prankster */;
			targetProxy = BD9E4D582D015553001B0F58 /* PBXContainerItemProxy */;
		};
		BD9E4D8E2D015608001B0F58 /* PBXTargetDependency */ = {
			isa = PBXTargetDependency;
			target = BD9E4D872D015608001B0F58 /* OneSignalPushNotificationExtension */;
			targetProxy = BD9E4D8D2D015608001B0F58 /* PBXContainerItemProxy */;
		};
/* End PBXTargetDependency section */

/* Begin PBXVariantGroup section */
		BD9E4D6F2D015557001B0F58 /* LaunchScreen.storyboard */ = {
			isa = PBXVariantGroup;
			children = (
				BD9E4D6E2D015557001B0F58 /* Base */,
			);
			name = LaunchScreen.storyboard;
			sourceTree = "<group>";
		};
		BD9E4D712D015557001B0F58 /* Main.storyboard */ = {
			isa = PBXVariantGroup;
			children = (
				BD9E4D702D015557001B0F58 /* Base */,
			);
			name = Main.storyboard;
			sourceTree = "<group>";
		};
/* End PBXVariantGroup section */

/* Begin XCBuildConfiguration section */
		BD9E4D612D015553001B0F58 /* Debug */ = {
			isa = XCBuildConfiguration;
			baseConfigurationReference = 1E35DAC713AB274E69C2097F /* Pods-Prankster.debug.xcconfig */;
			buildSettings = {
				ASSETCATALOG_COMPILER_APPICON_NAME = AppIcon;
				ASSETCATALOG_COMPILER_GLOBAL_ACCENT_COLOR_NAME = AccentColor;
				CODE_SIGN_ENTITLEMENTS = Prankster/Prankster.entitlements;
				CODE_SIGN_STYLE = Automatic;
				CURRENT_PROJECT_VERSION = 1;
				DEBUG_INFORMATION_FORMAT = "dwarf-with-dsym";
				DEVELOPMENT_TEAM = 32BBNXD889;
				ENABLE_USER_SCRIPT_SANDBOXING = NO;
				GENERATE_INFOPLIST_FILE = YES;
				INFOPLIST_FILE = Prankster/Info.plist;
				INFOPLIST_KEY_UIApplicationSupportsIndirectInputEvents = YES;
				INFOPLIST_KEY_UILaunchStoryboardName = LaunchScreen;
				INFOPLIST_KEY_UIMainStoryboardFile = Main;
				INFOPLIST_KEY_UISupportedInterfaceOrientations = "UIInterfaceOrientationPortrait UIInterfaceOrientationPortraitUpsideDown";
				INFOPLIST_KEY_UISupportedInterfaceOrientations_iPad = "UIInterfaceOrientationLandscapeLeft UIInterfaceOrientationLandscapeRight UIInterfaceOrientationPortrait UIInterfaceOrientationPortraitUpsideDown";
				IPHONEOS_DEPLOYMENT_TARGET = 15.0;
				LD_RUNPATH_SEARCH_PATHS = (
					"$(inherited)",
					"@executable_path/Frameworks",
				);
				MARKETING_VERSION = 1.0;
				PRODUCT_BUNDLE_IDENTIFIER = com.plexustechnology.Prankster;
				PRODUCT_NAME = "$(TARGET_NAME)";
				SWIFT_EMIT_LOC_STRINGS = YES;
				SWIFT_VERSION = 5.0;
				TARGETED_DEVICE_FAMILY = "1,2";
			};
			name = Debug;
		};
		BD9E4D622D015553001B0F58 /* Release */ = {
			isa = XCBuildConfiguration;
			baseConfigurationReference = 9A81AB1557380DA331E4A6CA /* Pods-Prankster.release.xcconfig */;
			buildSettings = {
				ASSETCATALOG_COMPILER_APPICON_NAME = AppIcon;
				ASSETCATALOG_COMPILER_GLOBAL_ACCENT_COLOR_NAME = AccentColor;
				CODE_SIGN_ENTITLEMENTS = Prankster/Prankster.entitlements;
				CODE_SIGN_STYLE = Automatic;
				CURRENT_PROJECT_VERSION = 1;
				DEVELOPMENT_TEAM = 32BBNXD889;
				ENABLE_USER_SCRIPT_SANDBOXING = NO;
				GENERATE_INFOPLIST_FILE = YES;
				INFOPLIST_FILE = Prankster/Info.plist;
				INFOPLIST_KEY_UIApplicationSupportsIndirectInputEvents = YES;
				INFOPLIST_KEY_UILaunchStoryboardName = LaunchScreen;
				INFOPLIST_KEY_UIMainStoryboardFile = Main;
				INFOPLIST_KEY_UISupportedInterfaceOrientations = "UIInterfaceOrientationPortrait UIInterfaceOrientationPortraitUpsideDown";
				INFOPLIST_KEY_UISupportedInterfaceOrientations_iPad = "UIInterfaceOrientationLandscapeLeft UIInterfaceOrientationLandscapeRight UIInterfaceOrientationPortrait UIInterfaceOrientationPortraitUpsideDown";
				IPHONEOS_DEPLOYMENT_TARGET = 15.0;
				LD_RUNPATH_SEARCH_PATHS = (
					"$(inherited)",
					"@executable_path/Frameworks",
				);
				MARKETING_VERSION = 1.0;
				PRODUCT_BUNDLE_IDENTIFIER = com.plexustechnology.Prankster;
				PRODUCT_NAME = "$(TARGET_NAME)";
				SWIFT_EMIT_LOC_STRINGS = YES;
				SWIFT_VERSION = 5.0;
				TARGETED_DEVICE_FAMILY = "1,2";
			};
			name = Release;
		};
		BD9E4D632D015553001B0F58 /* Debug */ = {
			isa = XCBuildConfiguration;
			buildSettings = {
				ALWAYS_SEARCH_USER_PATHS = NO;
				ASSETCATALOG_COMPILER_GENERATE_SWIFT_ASSET_SYMBOL_EXTENSIONS = YES;
				CLANG_ANALYZER_NONNULL = YES;
				CLANG_ANALYZER_NUMBER_OBJECT_CONVERSION = YES_AGGRESSIVE;
				CLANG_CXX_LANGUAGE_STANDARD = "gnu++20";
				CLANG_ENABLE_MODULES = YES;
				CLANG_ENABLE_OBJC_ARC = YES;
				CLANG_ENABLE_OBJC_WEAK = YES;
				CLANG_WARN_BLOCK_CAPTURE_AUTORELEASING = YES;
				CLANG_WARN_BOOL_CONVERSION = YES;
				CLANG_WARN_COMMA = YES;
				CLANG_WARN_CONSTANT_CONVERSION = YES;
				CLANG_WARN_DEPRECATED_OBJC_IMPLEMENTATIONS = YES;
				CLANG_WARN_DIRECT_OBJC_ISA_USAGE = YES_ERROR;
				CLANG_WARN_DOCUMENTATION_COMMENTS = YES;
				CLANG_WARN_EMPTY_BODY = YES;
				CLANG_WARN_ENUM_CONVERSION = YES;
				CLANG_WARN_INFINITE_RECURSION = YES;
				CLANG_WARN_INT_CONVERSION = YES;
				CLANG_WARN_NON_LITERAL_NULL_CONVERSION = YES;
				CLANG_WARN_OBJC_IMPLICIT_RETAIN_SELF = YES;
				CLANG_WARN_OBJC_LITERAL_CONVERSION = YES;
				CLANG_WARN_OBJC_ROOT_CLASS = YES_ERROR;
				CLANG_WARN_QUOTED_INCLUDE_IN_FRAMEWORK_HEADER = YES;
				CLANG_WARN_RANGE_LOOP_ANALYSIS = YES;
				CLANG_WARN_STRICT_PROTOTYPES = YES;
				CLANG_WARN_SUSPICIOUS_MOVE = YES;
				CLANG_WARN_UNGUARDED_AVAILABILITY = YES_AGGRESSIVE;
				CLANG_WARN_UNREACHABLE_CODE = YES;
				CLANG_WARN__DUPLICATE_METHOD_MATCH = YES;
				COPY_PHASE_STRIP = NO;
				DEBUG_INFORMATION_FORMAT = dwarf;
				ENABLE_STRICT_OBJC_MSGSEND = YES;
				ENABLE_TESTABILITY = YES;
				ENABLE_USER_SCRIPT_SANDBOXING = YES;
				GCC_C_LANGUAGE_STANDARD = gnu17;
				GCC_DYNAMIC_NO_PIC = NO;
				GCC_NO_COMMON_BLOCKS = YES;
				GCC_OPTIMIZATION_LEVEL = 0;
				GCC_PREPROCESSOR_DEFINITIONS = (
					"DEBUG=1",
					"$(inherited)",
				);
				GCC_WARN_64_TO_32_BIT_CONVERSION = YES;
				GCC_WARN_ABOUT_RETURN_TYPE = YES_ERROR;
				GCC_WARN_UNDECLARED_SELECTOR = YES;
				GCC_WARN_UNINITIALIZED_AUTOS = YES_AGGRESSIVE;
				GCC_WARN_UNUSED_FUNCTION = YES;
				GCC_WARN_UNUSED_VARIABLE = YES;
				IPHONEOS_DEPLOYMENT_TARGET = 18.1;
				LOCALIZATION_PREFERS_STRING_CATALOGS = YES;
				MTL_ENABLE_DEBUG_INFO = INCLUDE_SOURCE;
				MTL_FAST_MATH = YES;
				ONLY_ACTIVE_ARCH = YES;
				SDKROOT = iphoneos;
				SWIFT_ACTIVE_COMPILATION_CONDITIONS = "DEBUG $(inherited)";
				SWIFT_OPTIMIZATION_LEVEL = "-Onone";
			};
			name = Debug;
		};
		BD9E4D642D015553001B0F58 /* Release */ = {
			isa = XCBuildConfiguration;
			buildSettings = {
				ALWAYS_SEARCH_USER_PATHS = NO;
				ASSETCATALOG_COMPILER_GENERATE_SWIFT_ASSET_SYMBOL_EXTENSIONS = YES;
				CLANG_ANALYZER_NONNULL = YES;
				CLANG_ANALYZER_NUMBER_OBJECT_CONVERSION = YES_AGGRESSIVE;
				CLANG_CXX_LANGUAGE_STANDARD = "gnu++20";
				CLANG_ENABLE_MODULES = YES;
				CLANG_ENABLE_OBJC_ARC = YES;
				CLANG_ENABLE_OBJC_WEAK = YES;
				CLANG_WARN_BLOCK_CAPTURE_AUTORELEASING = YES;
				CLANG_WARN_BOOL_CONVERSION = YES;
				CLANG_WARN_COMMA = YES;
				CLANG_WARN_CONSTANT_CONVERSION = YES;
				CLANG_WARN_DEPRECATED_OBJC_IMPLEMENTATIONS = YES;
				CLANG_WARN_DIRECT_OBJC_ISA_USAGE = YES_ERROR;
				CLANG_WARN_DOCUMENTATION_COMMENTS = YES;
				CLANG_WARN_EMPTY_BODY = YES;
				CLANG_WARN_ENUM_CONVERSION = YES;
				CLANG_WARN_INFINITE_RECURSION = YES;
				CLANG_WARN_INT_CONVERSION = YES;
				CLANG_WARN_NON_LITERAL_NULL_CONVERSION = YES;
				CLANG_WARN_OBJC_IMPLICIT_RETAIN_SELF = YES;
				CLANG_WARN_OBJC_LITERAL_CONVERSION = YES;
				CLANG_WARN_OBJC_ROOT_CLASS = YES_ERROR;
				CLANG_WARN_QUOTED_INCLUDE_IN_FRAMEWORK_HEADER = YES;
				CLANG_WARN_RANGE_LOOP_ANALYSIS = YES;
				CLANG_WARN_STRICT_PROTOTYPES = YES;
				CLANG_WARN_SUSPICIOUS_MOVE = YES;
				CLANG_WARN_UNGUARDED_AVAILABILITY = YES_AGGRESSIVE;
				CLANG_WARN_UNREACHABLE_CODE = YES;
				CLANG_WARN__DUPLICATE_METHOD_MATCH = YES;
				COPY_PHASE_STRIP = NO;
				DEBUG_INFORMATION_FORMAT = "dwarf-with-dsym";
				ENABLE_NS_ASSERTIONS = NO;
				ENABLE_STRICT_OBJC_MSGSEND = YES;
				ENABLE_USER_SCRIPT_SANDBOXING = YES;
				GCC_C_LANGUAGE_STANDARD = gnu17;
				GCC_NO_COMMON_BLOCKS = YES;
				GCC_WARN_64_TO_32_BIT_CONVERSION = YES;
				GCC_WARN_ABOUT_RETURN_TYPE = YES_ERROR;
				GCC_WARN_UNDECLARED_SELECTOR = YES;
				GCC_WARN_UNINITIALIZED_AUTOS = YES_AGGRESSIVE;
				GCC_WARN_UNUSED_FUNCTION = YES;
				GCC_WARN_UNUSED_VARIABLE = YES;
				IPHONEOS_DEPLOYMENT_TARGET = 18.1;
				LOCALIZATION_PREFERS_STRING_CATALOGS = YES;
				MTL_ENABLE_DEBUG_INFO = NO;
				MTL_FAST_MATH = YES;
				SDKROOT = iphoneos;
				SWIFT_COMPILATION_MODE = wholemodule;
				VALIDATE_PRODUCT = YES;
			};
			name = Release;
		};
		BD9E4D662D015553001B0F58 /* Debug */ = {
			isa = XCBuildConfiguration;
			baseConfigurationReference = 75071A31ADC3B45055879804 /* Pods-PranksterTests.debug.xcconfig */;
			buildSettings = {
				BUNDLE_LOADER = "$(TEST_HOST)";
				CODE_SIGN_STYLE = Automatic;
				CURRENT_PROJECT_VERSION = 1;
				DEVELOPMENT_TEAM = 32BBNXD889;
				GENERATE_INFOPLIST_FILE = YES;
				IPHONEOS_DEPLOYMENT_TARGET = 18.1;
				MARKETING_VERSION = 1.0;
				PRODUCT_BUNDLE_IDENTIFIER = com.plexustechnology.PranksterTests;
				PRODUCT_NAME = "$(TARGET_NAME)";
				SWIFT_EMIT_LOC_STRINGS = NO;
				SWIFT_VERSION = 5.0;
				TARGETED_DEVICE_FAMILY = "1,2";
				TEST_HOST = "$(BUILT_PRODUCTS_DIR)/Prankster.app/$(BUNDLE_EXECUTABLE_FOLDER_PATH)/Prankster";
			};
			name = Debug;
		};
		BD9E4D672D015553001B0F58 /* Release */ = {
			isa = XCBuildConfiguration;
			baseConfigurationReference = 65CE6E944F0FA174BB455D6A /* Pods-PranksterTests.release.xcconfig */;
			buildSettings = {
				BUNDLE_LOADER = "$(TEST_HOST)";
				CODE_SIGN_STYLE = Automatic;
				CURRENT_PROJECT_VERSION = 1;
				DEVELOPMENT_TEAM = 32BBNXD889;
				GENERATE_INFOPLIST_FILE = YES;
				IPHONEOS_DEPLOYMENT_TARGET = 18.1;
				MARKETING_VERSION = 1.0;
				PRODUCT_BUNDLE_IDENTIFIER = com.plexustechnology.PranksterTests;
				PRODUCT_NAME = "$(TARGET_NAME)";
				SWIFT_EMIT_LOC_STRINGS = NO;
				SWIFT_VERSION = 5.0;
				TARGETED_DEVICE_FAMILY = "1,2";
				TEST_HOST = "$(BUILT_PRODUCTS_DIR)/Prankster.app/$(BUNDLE_EXECUTABLE_FOLDER_PATH)/Prankster";
			};
			name = Release;
		};
		BD9E4D692D015553001B0F58 /* Debug */ = {
			isa = XCBuildConfiguration;
			baseConfigurationReference = C9E5DE42C1582CC6F12FFEA4 /* Pods-Prankster-PranksterUITests.debug.xcconfig */;
			buildSettings = {
				CODE_SIGN_STYLE = Automatic;
				CURRENT_PROJECT_VERSION = 1;
				DEVELOPMENT_TEAM = 32BBNXD889;
				GENERATE_INFOPLIST_FILE = YES;
				MARKETING_VERSION = 1.0;
				PRODUCT_BUNDLE_IDENTIFIER = com.plexustechnology.PranksterUITests;
				PRODUCT_NAME = "$(TARGET_NAME)";
				SWIFT_EMIT_LOC_STRINGS = NO;
				SWIFT_VERSION = 5.0;
				TARGETED_DEVICE_FAMILY = "1,2";
				TEST_TARGET_NAME = Prankster;
			};
			name = Debug;
		};
		BD9E4D6A2D015553001B0F58 /* Release */ = {
			isa = XCBuildConfiguration;
			baseConfigurationReference = 2B55F5CD0FC10C6B32A7534D /* Pods-Prankster-PranksterUITests.release.xcconfig */;
			buildSettings = {
				CODE_SIGN_STYLE = Automatic;
				CURRENT_PROJECT_VERSION = 1;
				DEVELOPMENT_TEAM = 32BBNXD889;
				GENERATE_INFOPLIST_FILE = YES;
				MARKETING_VERSION = 1.0;
				PRODUCT_BUNDLE_IDENTIFIER = com.plexustechnology.PranksterUITests;
				PRODUCT_NAME = "$(TARGET_NAME)";
				SWIFT_EMIT_LOC_STRINGS = NO;
				SWIFT_VERSION = 5.0;
				TARGETED_DEVICE_FAMILY = "1,2";
				TEST_TARGET_NAME = Prankster;
			};
			name = Release;
		};
		BD9E4D912D015608001B0F58 /* Debug */ = {
			isa = XCBuildConfiguration;
			baseConfigurationReference = A4E59631301AE7E0D84ED8CB /* Pods-OneSignalPushNotificationExtension.debug.xcconfig */;
			buildSettings = {
				CODE_SIGN_STYLE = Automatic;
				CURRENT_PROJECT_VERSION = 1;
				DEVELOPMENT_TEAM = 32BBNXD889;
				GENERATE_INFOPLIST_FILE = YES;
				INFOPLIST_FILE = OneSignalPushNotificationExtension/Info.plist;
				INFOPLIST_KEY_CFBundleDisplayName = OneSignalPushNotificationExtension;
				INFOPLIST_KEY_NSHumanReadableCopyright = "";
				LD_RUNPATH_SEARCH_PATHS = (
					"$(inherited)",
					"@executable_path/Frameworks",
					"@executable_path/../../Frameworks",
				);
				MARKETING_VERSION = 1.0;
				PRODUCT_BUNDLE_IDENTIFIER = com.plexustechnology.Prankster.OneSignalPushNotificationExtension;
				PRODUCT_NAME = "$(TARGET_NAME)";
				SKIP_INSTALL = YES;
				SWIFT_EMIT_LOC_STRINGS = YES;
				SWIFT_VERSION = 5.0;
				TARGETED_DEVICE_FAMILY = "1,2";
			};
			name = Debug;
		};
		BD9E4D922D015608001B0F58 /* Release */ = {
			isa = XCBuildConfiguration;
			baseConfigurationReference = DC340F686E4FBF078D71B1A1 /* Pods-OneSignalPushNotificationExtension.release.xcconfig */;
			buildSettings = {
				CODE_SIGN_STYLE = Automatic;
				CURRENT_PROJECT_VERSION = 1;
				DEVELOPMENT_TEAM = 32BBNXD889;
				GENERATE_INFOPLIST_FILE = YES;
				INFOPLIST_FILE = OneSignalPushNotificationExtension/Info.plist;
				INFOPLIST_KEY_CFBundleDisplayName = OneSignalPushNotificationExtension;
				INFOPLIST_KEY_NSHumanReadableCopyright = "";
				LD_RUNPATH_SEARCH_PATHS = (
					"$(inherited)",
					"@executable_path/Frameworks",
					"@executable_path/../../Frameworks",
				);
				MARKETING_VERSION = 1.0;
				PRODUCT_BUNDLE_IDENTIFIER = com.plexustechnology.Prankster.OneSignalPushNotificationExtension;
				PRODUCT_NAME = "$(TARGET_NAME)";
				SKIP_INSTALL = YES;
				SWIFT_EMIT_LOC_STRINGS = YES;
				SWIFT_VERSION = 5.0;
				TARGETED_DEVICE_FAMILY = "1,2";
			};
			name = Release;
		};
/* End XCBuildConfiguration section */

/* Begin XCConfigurationList section */
		BD9E4D322D015550001B0F58 /* Build configuration list for PBXProject "Prankster" */ = {
			isa = XCConfigurationList;
			buildConfigurations = (
				BD9E4D632D015553001B0F58 /* Debug */,
				BD9E4D642D015553001B0F58 /* Release */,
			);
			defaultConfigurationIsVisible = 0;
			defaultConfigurationName = Release;
		};
		BD9E4D602D015553001B0F58 /* Build configuration list for PBXNativeTarget "Prankster" */ = {
			isa = XCConfigurationList;
			buildConfigurations = (
				BD9E4D612D015553001B0F58 /* Debug */,
				BD9E4D622D015553001B0F58 /* Release */,
			);
			defaultConfigurationIsVisible = 0;
			defaultConfigurationName = Release;
		};
		BD9E4D652D015553001B0F58 /* Build configuration list for PBXNativeTarget "PranksterTests" */ = {
			isa = XCConfigurationList;
			buildConfigurations = (
				BD9E4D662D015553001B0F58 /* Debug */,
				BD9E4D672D015553001B0F58 /* Release */,
			);
			defaultConfigurationIsVisible = 0;
			defaultConfigurationName = Release;
		};
		BD9E4D682D015553001B0F58 /* Build configuration list for PBXNativeTarget "PranksterUITests" */ = {
			isa = XCConfigurationList;
			buildConfigurations = (
				BD9E4D692D015553001B0F58 /* Debug */,
				BD9E4D6A2D015553001B0F58 /* Release */,
			);
			defaultConfigurationIsVisible = 0;
			defaultConfigurationName = Release;
		};
		BD9E4D942D015608001B0F58 /* Build configuration list for PBXNativeTarget "OneSignalPushNotificationExtension" */ = {
			isa = XCConfigurationList;
			buildConfigurations = (
				BD9E4D912D015608001B0F58 /* Debug */,
				BD9E4D922D015608001B0F58 /* Release */,
			);
			defaultConfigurationIsVisible = 0;
			defaultConfigurationName = Release;
		};
/* End XCConfigurationList section */
	};
	rootObject = BD9E4D2F2D015550001B0F58 /* Project object */;
}
