// !$*UTF8*$!
{
	archiveVersion = 1;
	classes = {
	};
	objectVersion = 56;
	objects = {

/* Begin PBXBuildFile section */
		3395FE72E7FAB6040EB29728 /* Pods_Pranksters_PrankstersUITests.framework in Frameworks */ = {isa = PBXBuildFile; fileRef = 51018BD3A405439AB1609AFE /* Pods_Pranksters_PrankstersUITests.framework */; };
		59823A03C529D45383B51117 /* Pods_PrankstersTests.framework in Frameworks */ = {isa = PBXBuildFile; fileRef = A7E1176E07CF9FB76BEB2184 /* Pods_PrankstersTests.framework */; };
		BD2F1E272CB459320017A963 /* AppDelegate.swift in Sources */ = {isa = PBXBuildFile; fileRef = BD2F1E1B2CB459320017A963 /* AppDelegate.swift */; };
		BD2F1E282CB459320017A963 /* SceneDelegate.swift in Sources */ = {isa = PBXBuildFile; fileRef = BD2F1E1C2CB459320017A963 /* SceneDelegate.swift */; };
		BD2F1E2A2CB459320017A963 /* LaunchScreen.storyboard in Resources */ = {isa = PBXBuildFile; fileRef = BD2F1E1F2CB459320017A963 /* LaunchScreen.storyboard */; };
		BD2F1E2B2CB459320017A963 /* Main.storyboard in Resources */ = {isa = PBXBuildFile; fileRef = BD2F1E212CB459320017A963 /* Main.storyboard */; };
		BD2F1E2C2CB459320017A963 /* Assets.xcassets in Resources */ = {isa = PBXBuildFile; fileRef = BD2F1E232CB459320017A963 /* Assets.xcassets */; };
		BD2F1E302CB459350017A963 /* PrankstersTests.swift in Sources */ = {isa = PBXBuildFile; fileRef = BD2F1E2E2CB459350017A963 /* PrankstersTests.swift */; };
		BD2F1E342CB459380017A963 /* PrankstersUITests.swift in Sources */ = {isa = PBXBuildFile; fileRef = BD2F1E312CB459380017A963 /* PrankstersUITests.swift */; };
		BD2F1E352CB459380017A963 /* PrankstersUITestsLaunchTests.swift in Sources */ = {isa = PBXBuildFile; fileRef = BD2F1E322CB459380017A963 /* PrankstersUITestsLaunchTests.swift */; };
		BD2F1E3A2CB462E00017A963 /* LaunchViewController.swift in Sources */ = {isa = PBXBuildFile; fileRef = BD2F1E392CB462E00017A963 /* LaunchViewController.swift */; };
		BD2F1E3C2CB470B20017A963 /* Loading.json in Resources */ = {isa = PBXBuildFile; fileRef = BD2F1E3B2CB470B20017A963 /* Loading.json */; };
		BD2F1E402CB4A6870017A963 /* Color.xcassets in Resources */ = {isa = PBXBuildFile; fileRef = BD2F1E3F2CB4A6870017A963 /* Color.xcassets */; };
		BD6B5CEB2CB9B5FA00E768ED /* RealisticCoverAllViewController.swift in Sources */ = {isa = PBXBuildFile; fileRef = BD6B5CEA2CB9B5FA00E768ED /* RealisticCoverAllViewController.swift */; };
		BD6B5CED2CB9B71100E768ED /* RealisticCoverAllCollectionViewCell.swift in Sources */ = {isa = PBXBuildFile; fileRef = BD6B5CEC2CB9B71100E768ED /* RealisticCoverAllCollectionViewCell.swift */; };
		BD6B5CEF2CB9FF4B00E768ED /* CustomCoverAllViewController.swift in Sources */ = {isa = PBXBuildFile; fileRef = BD6B5CEE2CB9FF4A00E768ED /* CustomCoverAllViewController.swift */; };
		BD7D62CF2CB7593800439C11 /* RegistrationAPI.swift in Sources */ = {isa = PBXBuildFile; fileRef = BD7D62CE2CB7593800439C11 /* RegistrationAPI.swift */; };
		BD7D62D12CB7594B00439C11 /* RegistrationViewModel.swift in Sources */ = {isa = PBXBuildFile; fileRef = BD7D62D02CB7594B00439C11 /* RegistrationViewModel.swift */; };
		BDA87EB32CB5AB2E00C25C50 /* SideMenuViewController.swift in Sources */ = {isa = PBXBuildFile; fileRef = BDA87EB22CB5AB2E00C25C50 /* SideMenuViewController.swift */; };
		BDA87EB62CB5AC3B00C25C50 /* Model.swift in Sources */ = {isa = PBXBuildFile; fileRef = BDA87EB52CB5AC3B00C25C50 /* Model.swift */; };
		BDA87EC92CB5C12900C25C50 /* ViewLinkViewController.swift in Sources */ = {isa = PBXBuildFile; fileRef = BDA87EC62CB5C12900C25C50 /* ViewLinkViewController.swift */; };
		BDA87ECA2CB5C12900C25C50 /* PremiumViewController.swift in Sources */ = {isa = PBXBuildFile; fileRef = BDA87EC72CB5C12900C25C50 /* PremiumViewController.swift */; };
		BDA87ECB2CB5C12900C25C50 /* HomeViewController.swift in Sources */ = {isa = PBXBuildFile; fileRef = BDA87EC32CB5C12900C25C50 /* HomeViewController.swift */; };
		BDA87ECC2CB5C12900C25C50 /* FavoriteListViewController.swift in Sources */ = {isa = PBXBuildFile; fileRef = BDA87EC52CB5C12900C25C50 /* FavoriteListViewController.swift */; };
		BDA87ECD2CB5C12900C25C50 /* MoreAppViewController.swift in Sources */ = {isa = PBXBuildFile; fileRef = BDA87EC82CB5C12900C25C50 /* MoreAppViewController.swift */; };
		BDA87ECE2CB5C12900C25C50 /* SpinnerViewController.swift in Sources */ = {isa = PBXBuildFile; fileRef = BDA87EC42CB5C12900C25C50 /* SpinnerViewController.swift */; };
		BDA87ED02CB5C16400C25C50 /* MainViewController.swift in Sources */ = {isa = PBXBuildFile; fileRef = BDA87ECF2CB5C16400C25C50 /* MainViewController.swift */; };
		BDA87ED22CB5E90500C25C50 /* MoreAppAPI.swift in Sources */ = {isa = PBXBuildFile; fileRef = BDA87ED12CB5E90500C25C50 /* MoreAppAPI.swift */; };
		BDA87ED62CB5E9B100C25C50 /* MoreAppViewModel.swift in Sources */ = {isa = PBXBuildFile; fileRef = BDA87ED52CB5E9B100C25C50 /* MoreAppViewModel.swift */; };
		BDA87ED82CB5EAAA00C25C50 /* MoreAppCollectionViewCell.swift in Sources */ = {isa = PBXBuildFile; fileRef = BDA87ED72CB5EAAA00C25C50 /* MoreAppCollectionViewCell.swift */; };
		BDA87EDC2CB5EEC100C25C50 /* NoInternetView.swift in Sources */ = {isa = PBXBuildFile; fileRef = BDA87EDA2CB5EEC100C25C50 /* NoInternetView.swift */; };
		BDA87EDD2CB5EEC100C25C50 /* NoInternetView.xib in Resources */ = {isa = PBXBuildFile; fileRef = BDA87EDB2CB5EEC100C25C50 /* NoInternetView.xib */; };
		BDACA25B2CB712ED00B3C2E2 /* Skeleton.swift in Sources */ = {isa = PBXBuildFile; fileRef = BDACA25A2CB712EA00B3C2E2 /* Skeleton.swift */; };
		BDACA25D2CB7375E00B3C2E2 /* CoverViewController.swift in Sources */ = {isa = PBXBuildFile; fileRef = BDACA25C2CB7375E00B3C2E2 /* CoverViewController.swift */; };
		BDC9ACB32CB6F89D00183146 /* NoDataView.swift in Sources */ = {isa = PBXBuildFile; fileRef = BDC9ACB12CB6F89D00183146 /* NoDataView.swift */; };
		BDC9ACB42CB6F89D00183146 /* NoDataView.xib in Resources */ = {isa = PBXBuildFile; fileRef = BDC9ACB22CB6F89D00183146 /* NoDataView.xib */; };
		BDD883A62CB8504D004C6908 /* CoverPageCollectionViewCell.swift in Sources */ = {isa = PBXBuildFile; fileRef = BDD883A52CB8504D004C6908 /* CoverPageCollectionViewCell.swift */; };
		BDD883A82CB85903004C6908 /* CoverPageAPI.swift in Sources */ = {isa = PBXBuildFile; fileRef = BDD883A72CB85903004C6908 /* CoverPageAPI.swift */; };
		BDD883AA2CB85910004C6908 /* CoverPageViewModel.swift in Sources */ = {isa = PBXBuildFile; fileRef = BDD883A92CB85910004C6908 /* CoverPageViewModel.swift */; };
		BDD883AC2CB86790004C6908 /* EmojiCoverAllViewController.swift in Sources */ = {isa = PBXBuildFile; fileRef = BDD883AB2CB86790004C6908 /* EmojiCoverAllViewController.swift */; };
		BDD883AE2CB86885004C6908 /* EmojiCoverAllCollectionViewCell.swift in Sources */ = {isa = PBXBuildFile; fileRef = BDD883AD2CB86885004C6908 /* EmojiCoverAllCollectionViewCell.swift */; };
		D135A4551B8DF35C16863C46 /* Pods_Pranksters.framework in Frameworks */ = {isa = PBXBuildFile; fileRef = 1AD0CF052AC7BC6C607194D1 /* Pods_Pranksters.framework */; };
/* End PBXBuildFile section */

/* Begin PBXContainerItemProxy section */
		BD2F1DFC2CB458150017A963 /* PBXContainerItemProxy */ = {
			isa = PBXContainerItemProxy;
			containerPortal = BD2F1DDD2CB458130017A963 /* Project object */;
			proxyType = 1;
			remoteGlobalIDString = BD2F1DE42CB458130017A963;
			remoteInfo = Pranksters;
		};
		BD2F1E062CB458150017A963 /* PBXContainerItemProxy */ = {
			isa = PBXContainerItemProxy;
			containerPortal = BD2F1DDD2CB458130017A963 /* Project object */;
			proxyType = 1;
			remoteGlobalIDString = BD2F1DE42CB458130017A963;
			remoteInfo = Pranksters;
		};
/* End PBXContainerItemProxy section */

/* Begin PBXFileReference section */
		08CE7CCD39C8C3D04D40638F /* Pods-Pranksters-PrankstersUITests.debug.xcconfig */ = {isa = PBXFileReference; includeInIndex = 1; lastKnownFileType = text.xcconfig; name = "Pods-Pranksters-PrankstersUITests.debug.xcconfig"; path = "Target Support Files/Pods-Pranksters-PrankstersUITests/Pods-Pranksters-PrankstersUITests.debug.xcconfig"; sourceTree = "<group>"; };
		1AD0CF052AC7BC6C607194D1 /* Pods_Pranksters.framework */ = {isa = PBXFileReference; explicitFileType = wrapper.framework; includeInIndex = 0; path = Pods_Pranksters.framework; sourceTree = BUILT_PRODUCTS_DIR; };
		51018BD3A405439AB1609AFE /* Pods_Pranksters_PrankstersUITests.framework */ = {isa = PBXFileReference; explicitFileType = wrapper.framework; includeInIndex = 0; path = Pods_Pranksters_PrankstersUITests.framework; sourceTree = BUILT_PRODUCTS_DIR; };
		53653F8D094C0956F347D23A /* Pods-Pranksters.release.xcconfig */ = {isa = PBXFileReference; includeInIndex = 1; lastKnownFileType = text.xcconfig; name = "Pods-Pranksters.release.xcconfig"; path = "Target Support Files/Pods-Pranksters/Pods-Pranksters.release.xcconfig"; sourceTree = "<group>"; };
		5DE1C408E5CB491FB86A8EF4 /* Pods-Pranksters-PrankstersUITests.release.xcconfig */ = {isa = PBXFileReference; includeInIndex = 1; lastKnownFileType = text.xcconfig; name = "Pods-Pranksters-PrankstersUITests.release.xcconfig"; path = "Target Support Files/Pods-Pranksters-PrankstersUITests/Pods-Pranksters-PrankstersUITests.release.xcconfig"; sourceTree = "<group>"; };
		A0E1E871794AC18CCA95F3A0 /* Pods-PrankstersTests.debug.xcconfig */ = {isa = PBXFileReference; includeInIndex = 1; lastKnownFileType = text.xcconfig; name = "Pods-PrankstersTests.debug.xcconfig"; path = "Target Support Files/Pods-PrankstersTests/Pods-PrankstersTests.debug.xcconfig"; sourceTree = "<group>"; };
		A7E1176E07CF9FB76BEB2184 /* Pods_PrankstersTests.framework */ = {isa = PBXFileReference; explicitFileType = wrapper.framework; includeInIndex = 0; path = Pods_PrankstersTests.framework; sourceTree = BUILT_PRODUCTS_DIR; };
		B6C5D2EE3C7B2BA341BA1C7A /* Pods-Pranksters.debug.xcconfig */ = {isa = PBXFileReference; includeInIndex = 1; lastKnownFileType = text.xcconfig; name = "Pods-Pranksters.debug.xcconfig"; path = "Target Support Files/Pods-Pranksters/Pods-Pranksters.debug.xcconfig"; sourceTree = "<group>"; };
		BD2F1DE52CB458130017A963 /* Pranksters.app */ = {isa = PBXFileReference; explicitFileType = wrapper.application; includeInIndex = 0; path = Pranksters.app; sourceTree = BUILT_PRODUCTS_DIR; };
		BD2F1DFB2CB458150017A963 /* PrankstersTests.xctest */ = {isa = PBXFileReference; explicitFileType = wrapper.cfbundle; includeInIndex = 0; path = PrankstersTests.xctest; sourceTree = BUILT_PRODUCTS_DIR; };
		BD2F1E052CB458150017A963 /* PrankstersUITests.xctest */ = {isa = PBXFileReference; explicitFileType = wrapper.cfbundle; includeInIndex = 0; path = PrankstersUITests.xctest; sourceTree = BUILT_PRODUCTS_DIR; };
		BD2F1E1B2CB459320017A963 /* AppDelegate.swift */ = {isa = PBXFileReference; lastKnownFileType = sourcecode.swift; path = AppDelegate.swift; sourceTree = "<group>"; };
		BD2F1E1C2CB459320017A963 /* SceneDelegate.swift */ = {isa = PBXFileReference; lastKnownFileType = sourcecode.swift; path = SceneDelegate.swift; sourceTree = "<group>"; };
		BD2F1E1E2CB459320017A963 /* Base */ = {isa = PBXFileReference; lastKnownFileType = file.storyboard; name = Base; path = Base.lproj/LaunchScreen.storyboard; sourceTree = "<group>"; };
		BD2F1E202CB459320017A963 /* Base */ = {isa = PBXFileReference; lastKnownFileType = file.storyboard; name = Base; path = Base.lproj/Main.storyboard; sourceTree = "<group>"; };
		BD2F1E232CB459320017A963 /* Assets.xcassets */ = {isa = PBXFileReference; lastKnownFileType = folder.assetcatalog; path = Assets.xcassets; sourceTree = "<group>"; };
		BD2F1E242CB459320017A963 /* Info.plist */ = {isa = PBXFileReference; lastKnownFileType = text.plist.xml; path = Info.plist; sourceTree = "<group>"; };
		BD2F1E2E2CB459350017A963 /* PrankstersTests.swift */ = {isa = PBXFileReference; lastKnownFileType = sourcecode.swift; path = PrankstersTests.swift; sourceTree = "<group>"; };
		BD2F1E312CB459380017A963 /* PrankstersUITests.swift */ = {isa = PBXFileReference; lastKnownFileType = sourcecode.swift; path = PrankstersUITests.swift; sourceTree = "<group>"; };
		BD2F1E322CB459380017A963 /* PrankstersUITestsLaunchTests.swift */ = {isa = PBXFileReference; lastKnownFileType = sourcecode.swift; path = PrankstersUITestsLaunchTests.swift; sourceTree = "<group>"; };
		BD2F1E392CB462E00017A963 /* LaunchViewController.swift */ = {isa = PBXFileReference; lastKnownFileType = sourcecode.swift; path = LaunchViewController.swift; sourceTree = "<group>"; };
		BD2F1E3B2CB470B20017A963 /* Loading.json */ = {isa = PBXFileReference; lastKnownFileType = text.json; path = Loading.json; sourceTree = "<group>"; };
		BD2F1E3F2CB4A6870017A963 /* Color.xcassets */ = {isa = PBXFileReference; lastKnownFileType = folder.assetcatalog; path = Color.xcassets; sourceTree = "<group>"; };
		BD6B5CEA2CB9B5FA00E768ED /* RealisticCoverAllViewController.swift */ = {isa = PBXFileReference; lastKnownFileType = sourcecode.swift; path = RealisticCoverAllViewController.swift; sourceTree = "<group>"; };
		BD6B5CEC2CB9B71100E768ED /* RealisticCoverAllCollectionViewCell.swift */ = {isa = PBXFileReference; lastKnownFileType = sourcecode.swift; path = RealisticCoverAllCollectionViewCell.swift; sourceTree = "<group>"; };
		BD6B5CEE2CB9FF4A00E768ED /* CustomCoverAllViewController.swift */ = {isa = PBXFileReference; lastKnownFileType = sourcecode.swift; path = CustomCoverAllViewController.swift; sourceTree = "<group>"; };
		BD7D62CE2CB7593800439C11 /* RegistrationAPI.swift */ = {isa = PBXFileReference; lastKnownFileType = sourcecode.swift; path = RegistrationAPI.swift; sourceTree = "<group>"; };
		BD7D62D02CB7594B00439C11 /* RegistrationViewModel.swift */ = {isa = PBXFileReference; lastKnownFileType = sourcecode.swift; path = RegistrationViewModel.swift; sourceTree = "<group>"; };
		BDA87EB22CB5AB2E00C25C50 /* SideMenuViewController.swift */ = {isa = PBXFileReference; lastKnownFileType = sourcecode.swift; path = SideMenuViewController.swift; sourceTree = "<group>"; };
		BDA87EB52CB5AC3B00C25C50 /* Model.swift */ = {isa = PBXFileReference; lastKnownFileType = sourcecode.swift; path = Model.swift; sourceTree = "<group>"; };
		BDA87EC32CB5C12900C25C50 /* HomeViewController.swift */ = {isa = PBXFileReference; lastKnownFileType = sourcecode.swift; path = HomeViewController.swift; sourceTree = "<group>"; };
		BDA87EC42CB5C12900C25C50 /* SpinnerViewController.swift */ = {isa = PBXFileReference; lastKnownFileType = sourcecode.swift; path = SpinnerViewController.swift; sourceTree = "<group>"; };
		BDA87EC52CB5C12900C25C50 /* FavoriteListViewController.swift */ = {isa = PBXFileReference; lastKnownFileType = sourcecode.swift; path = FavoriteListViewController.swift; sourceTree = "<group>"; };
		BDA87EC62CB5C12900C25C50 /* ViewLinkViewController.swift */ = {isa = PBXFileReference; lastKnownFileType = sourcecode.swift; path = ViewLinkViewController.swift; sourceTree = "<group>"; };
		BDA87EC72CB5C12900C25C50 /* PremiumViewController.swift */ = {isa = PBXFileReference; lastKnownFileType = sourcecode.swift; path = PremiumViewController.swift; sourceTree = "<group>"; };
		BDA87EC82CB5C12900C25C50 /* MoreAppViewController.swift */ = {isa = PBXFileReference; lastKnownFileType = sourcecode.swift; path = MoreAppViewController.swift; sourceTree = "<group>"; };
		BDA87ECF2CB5C16400C25C50 /* MainViewController.swift */ = {isa = PBXFileReference; lastKnownFileType = sourcecode.swift; path = MainViewController.swift; sourceTree = "<group>"; };
		BDA87ED12CB5E90500C25C50 /* MoreAppAPI.swift */ = {isa = PBXFileReference; lastKnownFileType = sourcecode.swift; path = MoreAppAPI.swift; sourceTree = "<group>"; };
		BDA87ED52CB5E9B100C25C50 /* MoreAppViewModel.swift */ = {isa = PBXFileReference; lastKnownFileType = sourcecode.swift; path = MoreAppViewModel.swift; sourceTree = "<group>"; };
		BDA87ED72CB5EAAA00C25C50 /* MoreAppCollectionViewCell.swift */ = {isa = PBXFileReference; lastKnownFileType = sourcecode.swift; path = MoreAppCollectionViewCell.swift; sourceTree = "<group>"; };
		BDA87EDA2CB5EEC100C25C50 /* NoInternetView.swift */ = {isa = PBXFileReference; lastKnownFileType = sourcecode.swift; path = NoInternetView.swift; sourceTree = "<group>"; };
		BDA87EDB2CB5EEC100C25C50 /* NoInternetView.xib */ = {isa = PBXFileReference; lastKnownFileType = file.xib; path = NoInternetView.xib; sourceTree = "<group>"; };
		BDACA25A2CB712EA00B3C2E2 /* Skeleton.swift */ = {isa = PBXFileReference; lastKnownFileType = sourcecode.swift; path = Skeleton.swift; sourceTree = "<group>"; };
		BDACA25C2CB7375E00B3C2E2 /* CoverViewController.swift */ = {isa = PBXFileReference; lastKnownFileType = sourcecode.swift; path = CoverViewController.swift; sourceTree = "<group>"; };
		BDC9ACB12CB6F89D00183146 /* NoDataView.swift */ = {isa = PBXFileReference; lastKnownFileType = sourcecode.swift; path = NoDataView.swift; sourceTree = "<group>"; };
		BDC9ACB22CB6F89D00183146 /* NoDataView.xib */ = {isa = PBXFileReference; lastKnownFileType = file.xib; path = NoDataView.xib; sourceTree = "<group>"; };
		BDD883A52CB8504D004C6908 /* CoverPageCollectionViewCell.swift */ = {isa = PBXFileReference; lastKnownFileType = sourcecode.swift; path = CoverPageCollectionViewCell.swift; sourceTree = "<group>"; };
		BDD883A72CB85903004C6908 /* CoverPageAPI.swift */ = {isa = PBXFileReference; lastKnownFileType = sourcecode.swift; path = CoverPageAPI.swift; sourceTree = "<group>"; };
		BDD883A92CB85910004C6908 /* CoverPageViewModel.swift */ = {isa = PBXFileReference; lastKnownFileType = sourcecode.swift; path = CoverPageViewModel.swift; sourceTree = "<group>"; };
		BDD883AB2CB86790004C6908 /* EmojiCoverAllViewController.swift */ = {isa = PBXFileReference; lastKnownFileType = sourcecode.swift; path = EmojiCoverAllViewController.swift; sourceTree = "<group>"; };
		BDD883AD2CB86885004C6908 /* EmojiCoverAllCollectionViewCell.swift */ = {isa = PBXFileReference; lastKnownFileType = sourcecode.swift; path = EmojiCoverAllCollectionViewCell.swift; sourceTree = "<group>"; };
		E0C39A3DC80C504DEF55DCB5 /* Pods-PrankstersTests.release.xcconfig */ = {isa = PBXFileReference; includeInIndex = 1; lastKnownFileType = text.xcconfig; name = "Pods-PrankstersTests.release.xcconfig"; path = "Target Support Files/Pods-PrankstersTests/Pods-PrankstersTests.release.xcconfig"; sourceTree = "<group>"; };
/* End PBXFileReference section */

/* Begin PBXFrameworksBuildPhase section */
		BD2F1DE22CB458130017A963 /* Frameworks */ = {
			isa = PBXFrameworksBuildPhase;
			buildActionMask = 2147483647;
			files = (
				D135A4551B8DF35C16863C46 /* Pods_Pranksters.framework in Frameworks */,
			);
			runOnlyForDeploymentPostprocessing = 0;
		};
		BD2F1DF82CB458150017A963 /* Frameworks */ = {
			isa = PBXFrameworksBuildPhase;
			buildActionMask = 2147483647;
			files = (
				59823A03C529D45383B51117 /* Pods_PrankstersTests.framework in Frameworks */,
			);
			runOnlyForDeploymentPostprocessing = 0;
		};
		BD2F1E022CB458150017A963 /* Frameworks */ = {
			isa = PBXFrameworksBuildPhase;
			buildActionMask = 2147483647;
			files = (
				3395FE72E7FAB6040EB29728 /* Pods_Pranksters_PrankstersUITests.framework in Frameworks */,
			);
			runOnlyForDeploymentPostprocessing = 0;
		};
/* End PBXFrameworksBuildPhase section */

/* Begin PBXGroup section */
		43DB9DDFA8C3B82C57A712B4 /* Pods */ = {
			isa = PBXGroup;
			children = (
				B6C5D2EE3C7B2BA341BA1C7A /* Pods-Pranksters.debug.xcconfig */,
				53653F8D094C0956F347D23A /* Pods-Pranksters.release.xcconfig */,
				08CE7CCD39C8C3D04D40638F /* Pods-Pranksters-PrankstersUITests.debug.xcconfig */,
				5DE1C408E5CB491FB86A8EF4 /* Pods-Pranksters-PrankstersUITests.release.xcconfig */,
				A0E1E871794AC18CCA95F3A0 /* Pods-PrankstersTests.debug.xcconfig */,
				E0C39A3DC80C504DEF55DCB5 /* Pods-PrankstersTests.release.xcconfig */,
			);
			path = Pods;
			sourceTree = "<group>";
		};
		7CA888F9FDEA8D7C6E988BD2 /* Frameworks */ = {
			isa = PBXGroup;
			children = (
				1AD0CF052AC7BC6C607194D1 /* Pods_Pranksters.framework */,
				51018BD3A405439AB1609AFE /* Pods_Pranksters_PrankstersUITests.framework */,
				A7E1176E07CF9FB76BEB2184 /* Pods_PrankstersTests.framework */,
			);
			name = Frameworks;
			sourceTree = "<group>";
		};
		BD2F1DDC2CB458130017A963 = {
			isa = PBXGroup;
			children = (
				BD2F1E262CB459320017A963 /* Pranksters */,
				BD2F1E2F2CB459350017A963 /* PrankstersTests */,
				BD2F1E332CB459380017A963 /* PrankstersUITests */,
				BD2F1DE62CB458130017A963 /* Products */,
				43DB9DDFA8C3B82C57A712B4 /* Pods */,
				7CA888F9FDEA8D7C6E988BD2 /* Frameworks */,
			);
			sourceTree = "<group>";
		};
		BD2F1DE62CB458130017A963 /* Products */ = {
			isa = PBXGroup;
			children = (
				BD2F1DE52CB458130017A963 /* Pranksters.app */,
				BD2F1DFB2CB458150017A963 /* PrankstersTests.xctest */,
				BD2F1E052CB458150017A963 /* PrankstersUITests.xctest */,
			);
			name = Products;
			sourceTree = "<group>";
		};
		BD2F1E1D2CB459320017A963 /* Delegate */ = {
			isa = PBXGroup;
			children = (
				BD2F1E1B2CB459320017A963 /* AppDelegate.swift */,
				BD2F1E1C2CB459320017A963 /* SceneDelegate.swift */,
			);
			path = Delegate;
			sourceTree = "<group>";
		};
		BD2F1E222CB459320017A963 /* View */ = {
			isa = PBXGroup;
			children = (
				BDA87ED92CB5EE9600C25C50 /* XIB */,
				BD3B42AA2CB4B6E800634A2E /* Cell */,
				BD2F1E1F2CB459320017A963 /* LaunchScreen.storyboard */,
				BD2F1E212CB459320017A963 /* Main.storyboard */,
			);
			path = View;
			sourceTree = "<group>";
		};
		BD2F1E262CB459320017A963 /* Pranksters */ = {
			isa = PBXGroup;
			children = (
				BDACA2592CB712DC00B3C2E2 /* Extension */,
				BD2F1E1D2CB459320017A963 /* Delegate */,
				BD3B42A92CB4AD4800634A2E /* Lottie json */,
				BDA87EB42CB5AC2F00C25C50 /* Model */,
				BDA87ED32CB5E93300C25C50 /* API Manager */,
				BDA87ED42CB5E98900C25C50 /* ViewModel */,
				BD2F1E222CB459320017A963 /* View */,
				BD2F1E362CB459470017A963 /* Controller */,
				BD2F1E232CB459320017A963 /* Assets.xcassets */,
				BD2F1E3F2CB4A6870017A963 /* Color.xcassets */,
				BD2F1E242CB459320017A963 /* Info.plist */,
			);
			path = Pranksters;
			sourceTree = "<group>";
		};
		BD2F1E2F2CB459350017A963 /* PrankstersTests */ = {
			isa = PBXGroup;
			children = (
				BD2F1E2E2CB459350017A963 /* PrankstersTests.swift */,
			);
			path = PrankstersTests;
			sourceTree = "<group>";
		};
		BD2F1E332CB459380017A963 /* PrankstersUITests */ = {
			isa = PBXGroup;
			children = (
				BD2F1E312CB459380017A963 /* PrankstersUITests.swift */,
				BD2F1E322CB459380017A963 /* PrankstersUITestsLaunchTests.swift */,
			);
			path = PrankstersUITests;
			sourceTree = "<group>";
		};
		BD2F1E362CB459470017A963 /* Controller */ = {
			isa = PBXGroup;
			children = (
				BD2F1E392CB462E00017A963 /* LaunchViewController.swift */,
				BDA87EB22CB5AB2E00C25C50 /* SideMenuViewController.swift */,
				BDA87ECF2CB5C16400C25C50 /* MainViewController.swift */,
				BDA87EC32CB5C12900C25C50 /* HomeViewController.swift */,
				BDA87EC42CB5C12900C25C50 /* SpinnerViewController.swift */,
				BDA87EC52CB5C12900C25C50 /* FavoriteListViewController.swift */,
				BDA87EC62CB5C12900C25C50 /* ViewLinkViewController.swift */,
				BDA87EC72CB5C12900C25C50 /* PremiumViewController.swift */,
				BDA87EC82CB5C12900C25C50 /* MoreAppViewController.swift */,
				BDACA25C2CB7375E00B3C2E2 /* CoverViewController.swift */,
				BDD883AB2CB86790004C6908 /* EmojiCoverAllViewController.swift */,
				BD6B5CEA2CB9B5FA00E768ED /* RealisticCoverAllViewController.swift */,
				BD6B5CEE2CB9FF4A00E768ED /* CustomCoverAllViewController.swift */,
			);
			path = Controller;
			sourceTree = "<group>";
		};
		BD3B42A92CB4AD4800634A2E /* Lottie json */ = {
			isa = PBXGroup;
			children = (
				BD2F1E3B2CB470B20017A963 /* Loading.json */,
			);
			path = "Lottie json";
			sourceTree = "<group>";
		};
		BD3B42AA2CB4B6E800634A2E /* Cell */ = {
			isa = PBXGroup;
			children = (
				BDA87ED72CB5EAAA00C25C50 /* MoreAppCollectionViewCell.swift */,
				BDD883A52CB8504D004C6908 /* CoverPageCollectionViewCell.swift */,
				BDD883AD2CB86885004C6908 /* EmojiCoverAllCollectionViewCell.swift */,
				BD6B5CEC2CB9B71100E768ED /* RealisticCoverAllCollectionViewCell.swift */,
			);
			path = Cell;
			sourceTree = "<group>";
		};
		BDA87EB42CB5AC2F00C25C50 /* Model */ = {
			isa = PBXGroup;
			children = (
				BDA87EB52CB5AC3B00C25C50 /* Model.swift */,
			);
			path = Model;
			sourceTree = "<group>";
		};
		BDA87ED32CB5E93300C25C50 /* API Manager */ = {
			isa = PBXGroup;
			children = (
				BDA87ED12CB5E90500C25C50 /* MoreAppAPI.swift */,
				BD7D62CE2CB7593800439C11 /* RegistrationAPI.swift */,
				BDD883A72CB85903004C6908 /* CoverPageAPI.swift */,
			);
			path = "API Manager";
			sourceTree = "<group>";
		};
		BDA87ED42CB5E98900C25C50 /* ViewModel */ = {
			isa = PBXGroup;
			children = (
				BDA87ED52CB5E9B100C25C50 /* MoreAppViewModel.swift */,
				BD7D62D02CB7594B00439C11 /* RegistrationViewModel.swift */,
				BDD883A92CB85910004C6908 /* CoverPageViewModel.swift */,
			);
			path = ViewModel;
			sourceTree = "<group>";
		};
		BDA87ED92CB5EE9600C25C50 /* XIB */ = {
			isa = PBXGroup;
			children = (
				BDA87EDA2CB5EEC100C25C50 /* NoInternetView.swift */,
				BDA87EDB2CB5EEC100C25C50 /* NoInternetView.xib */,
				BDC9ACB12CB6F89D00183146 /* NoDataView.swift */,
				BDC9ACB22CB6F89D00183146 /* NoDataView.xib */,
			);
			path = XIB;
			sourceTree = "<group>";
		};
		BDACA2592CB712DC00B3C2E2 /* Extension */ = {
			isa = PBXGroup;
			children = (
				BDACA25A2CB712EA00B3C2E2 /* Skeleton.swift */,
			);
			path = Extension;
			sourceTree = "<group>";
		};
/* End PBXGroup section */

/* Begin PBXNativeTarget section */
		BD2F1DE42CB458130017A963 /* Pranksters */ = {
			isa = PBXNativeTarget;
			buildConfigurationList = BD2F1E0E2CB458150017A963 /* Build configuration list for PBXNativeTarget "Pranksters" */;
			buildPhases = (
				E172129C374BD891327A8F18 /* [CP] Check Pods Manifest.lock */,
				BD2F1DE12CB458130017A963 /* Sources */,
				BD2F1DE22CB458130017A963 /* Frameworks */,
				BD2F1DE32CB458130017A963 /* Resources */,
				AA93E1BC9A99A1290BFC04BC /* [CP] Embed Pods Frameworks */,
			);
			buildRules = (
			);
			dependencies = (
			);
			name = Pranksters;
			productName = Pranksters;
			productReference = BD2F1DE52CB458130017A963 /* Pranksters.app */;
			productType = "com.apple.product-type.application";
		};
		BD2F1DFA2CB458150017A963 /* PrankstersTests */ = {
			isa = PBXNativeTarget;
			buildConfigurationList = BD2F1E132CB458150017A963 /* Build configuration list for PBXNativeTarget "PrankstersTests" */;
			buildPhases = (
				6CAAE18CA32FEF9FD7311D71 /* [CP] Check Pods Manifest.lock */,
				BD2F1DF72CB458150017A963 /* Sources */,
				BD2F1DF82CB458150017A963 /* Frameworks */,
				BD2F1DF92CB458150017A963 /* Resources */,
			);
			buildRules = (
			);
			dependencies = (
				BD2F1DFD2CB458150017A963 /* PBXTargetDependency */,
			);
			name = PrankstersTests;
			productName = PrankstersTests;
			productReference = BD2F1DFB2CB458150017A963 /* PrankstersTests.xctest */;
			productType = "com.apple.product-type.bundle.unit-test";
		};
		BD2F1E042CB458150017A963 /* PrankstersUITests */ = {
			isa = PBXNativeTarget;
			buildConfigurationList = BD2F1E162CB458150017A963 /* Build configuration list for PBXNativeTarget "PrankstersUITests" */;
			buildPhases = (
				F176280535E8222ED6918E6D /* [CP] Check Pods Manifest.lock */,
				BD2F1E012CB458150017A963 /* Sources */,
				BD2F1E022CB458150017A963 /* Frameworks */,
				BD2F1E032CB458150017A963 /* Resources */,
				BBFE2FF6C897E5675E38790E /* [CP] Embed Pods Frameworks */,
			);
			buildRules = (
			);
			dependencies = (
				BD2F1E072CB458150017A963 /* PBXTargetDependency */,
			);
			name = PrankstersUITests;
			productName = PrankstersUITests;
			productReference = BD2F1E052CB458150017A963 /* PrankstersUITests.xctest */;
			productType = "com.apple.product-type.bundle.ui-testing";
		};
/* End PBXNativeTarget section */

/* Begin PBXProject section */
		BD2F1DDD2CB458130017A963 /* Project object */ = {
			isa = PBXProject;
			attributes = {
				BuildIndependentTargetsInParallel = 1;
				LastSwiftUpdateCheck = 1600;
				LastUpgradeCheck = 1600;
				TargetAttributes = {
					BD2F1DE42CB458130017A963 = {
						CreatedOnToolsVersion = 16.0;
					};
					BD2F1DFA2CB458150017A963 = {
						CreatedOnToolsVersion = 16.0;
						TestTargetID = BD2F1DE42CB458130017A963;
					};
					BD2F1E042CB458150017A963 = {
						CreatedOnToolsVersion = 16.0;
						TestTargetID = BD2F1DE42CB458130017A963;
					};
				};
			};
			buildConfigurationList = BD2F1DE02CB458130017A963 /* Build configuration list for PBXProject "Pranksters" */;
			compatibilityVersion = "Xcode 14.0";
			developmentRegion = en;
			hasScannedForEncodings = 0;
			knownRegions = (
				en,
				Base,
			);
			mainGroup = BD2F1DDC2CB458130017A963;
			productRefGroup = BD2F1DE62CB458130017A963 /* Products */;
			projectDirPath = "";
			projectRoot = "";
			targets = (
				BD2F1DE42CB458130017A963 /* Pranksters */,
				BD2F1DFA2CB458150017A963 /* PrankstersTests */,
				BD2F1E042CB458150017A963 /* PrankstersUITests */,
			);
		};
/* End PBXProject section */

/* Begin PBXResourcesBuildPhase section */
		BD2F1DE32CB458130017A963 /* Resources */ = {
			isa = PBXResourcesBuildPhase;
			buildActionMask = 2147483647;
			files = (
				BDA87EDD2CB5EEC100C25C50 /* NoInternetView.xib in Resources */,
				BD2F1E2A2CB459320017A963 /* LaunchScreen.storyboard in Resources */,
				BD2F1E2B2CB459320017A963 /* Main.storyboard in Resources */,
				BD2F1E402CB4A6870017A963 /* Color.xcassets in Resources */,
				BD2F1E3C2CB470B20017A963 /* Loading.json in Resources */,
				BD2F1E2C2CB459320017A963 /* Assets.xcassets in Resources */,
				BDC9ACB42CB6F89D00183146 /* NoDataView.xib in Resources */,
			);
			runOnlyForDeploymentPostprocessing = 0;
		};
		BD2F1DF92CB458150017A963 /* Resources */ = {
			isa = PBXResourcesBuildPhase;
			buildActionMask = 2147483647;
			files = (
			);
			runOnlyForDeploymentPostprocessing = 0;
		};
		BD2F1E032CB458150017A963 /* Resources */ = {
			isa = PBXResourcesBuildPhase;
			buildActionMask = 2147483647;
			files = (
			);
			runOnlyForDeploymentPostprocessing = 0;
		};
/* End PBXResourcesBuildPhase section */

/* Begin PBXShellScriptBuildPhase section */
		6CAAE18CA32FEF9FD7311D71 /* [CP] Check Pods Manifest.lock */ = {
			isa = PBXShellScriptBuildPhase;
			buildActionMask = 2147483647;
			files = (
			);
			inputFileListPaths = (
			);
			inputPaths = (
				"${PODS_PODFILE_DIR_PATH}/Podfile.lock",
				"${PODS_ROOT}/Manifest.lock",
			);
			name = "[CP] Check Pods Manifest.lock";
			outputFileListPaths = (
			);
			outputPaths = (
				"$(DERIVED_FILE_DIR)/Pods-PrankstersTests-checkManifestLockResult.txt",
			);
			runOnlyForDeploymentPostprocessing = 0;
			shellPath = /bin/sh;
			shellScript = "diff \"${PODS_PODFILE_DIR_PATH}/Podfile.lock\" \"${PODS_ROOT}/Manifest.lock\" > /dev/null\nif [ $? != 0 ] ; then\n    # print error to STDERR\n    echo \"error: The sandbox is not in sync with the Podfile.lock. Run 'pod install' or update your CocoaPods installation.\" >&2\n    exit 1\nfi\n# This output is used by Xcode 'outputs' to avoid re-running this script phase.\necho \"SUCCESS\" > \"${SCRIPT_OUTPUT_FILE_0}\"\n";
			showEnvVarsInLog = 0;
		};
		AA93E1BC9A99A1290BFC04BC /* [CP] Embed Pods Frameworks */ = {
			isa = PBXShellScriptBuildPhase;
			buildActionMask = 2147483647;
			files = (
			);
			inputFileListPaths = (
				"${PODS_ROOT}/Target Support Files/Pods-Pranksters/Pods-Pranksters-frameworks-${CONFIGURATION}-input-files.xcfilelist",
			);
			name = "[CP] Embed Pods Frameworks";
			outputFileListPaths = (
				"${PODS_ROOT}/Target Support Files/Pods-Pranksters/Pods-Pranksters-frameworks-${CONFIGURATION}-output-files.xcfilelist",
			);
			runOnlyForDeploymentPostprocessing = 0;
			shellPath = /bin/sh;
			shellScript = "\"${PODS_ROOT}/Target Support Files/Pods-Pranksters/Pods-Pranksters-frameworks.sh\"\n";
			showEnvVarsInLog = 0;
		};
		BBFE2FF6C897E5675E38790E /* [CP] Embed Pods Frameworks */ = {
			isa = PBXShellScriptBuildPhase;
			buildActionMask = 2147483647;
			files = (
			);
			inputFileListPaths = (
				"${PODS_ROOT}/Target Support Files/Pods-Pranksters-PrankstersUITests/Pods-Pranksters-PrankstersUITests-frameworks-${CONFIGURATION}-input-files.xcfilelist",
			);
			name = "[CP] Embed Pods Frameworks";
			outputFileListPaths = (
				"${PODS_ROOT}/Target Support Files/Pods-Pranksters-PrankstersUITests/Pods-Pranksters-PrankstersUITests-frameworks-${CONFIGURATION}-output-files.xcfilelist",
			);
			runOnlyForDeploymentPostprocessing = 0;
			shellPath = /bin/sh;
			shellScript = "\"${PODS_ROOT}/Target Support Files/Pods-Pranksters-PrankstersUITests/Pods-Pranksters-PrankstersUITests-frameworks.sh\"\n";
			showEnvVarsInLog = 0;
		};
		E172129C374BD891327A8F18 /* [CP] Check Pods Manifest.lock */ = {
			isa = PBXShellScriptBuildPhase;
			buildActionMask = 2147483647;
			files = (
			);
			inputFileListPaths = (
			);
			inputPaths = (
				"${PODS_PODFILE_DIR_PATH}/Podfile.lock",
				"${PODS_ROOT}/Manifest.lock",
			);
			name = "[CP] Check Pods Manifest.lock";
			outputFileListPaths = (
			);
			outputPaths = (
				"$(DERIVED_FILE_DIR)/Pods-Pranksters-checkManifestLockResult.txt",
			);
			runOnlyForDeploymentPostprocessing = 0;
			shellPath = /bin/sh;
			shellScript = "diff \"${PODS_PODFILE_DIR_PATH}/Podfile.lock\" \"${PODS_ROOT}/Manifest.lock\" > /dev/null\nif [ $? != 0 ] ; then\n    # print error to STDERR\n    echo \"error: The sandbox is not in sync with the Podfile.lock. Run 'pod install' or update your CocoaPods installation.\" >&2\n    exit 1\nfi\n# This output is used by Xcode 'outputs' to avoid re-running this script phase.\necho \"SUCCESS\" > \"${SCRIPT_OUTPUT_FILE_0}\"\n";
			showEnvVarsInLog = 0;
		};
		F176280535E8222ED6918E6D /* [CP] Check Pods Manifest.lock */ = {
			isa = PBXShellScriptBuildPhase;
			buildActionMask = 2147483647;
			files = (
			);
			inputFileListPaths = (
			);
			inputPaths = (
				"${PODS_PODFILE_DIR_PATH}/Podfile.lock",
				"${PODS_ROOT}/Manifest.lock",
			);
			name = "[CP] Check Pods Manifest.lock";
			outputFileListPaths = (
			);
			outputPaths = (
				"$(DERIVED_FILE_DIR)/Pods-Pranksters-PrankstersUITests-checkManifestLockResult.txt",
			);
			runOnlyForDeploymentPostprocessing = 0;
			shellPath = /bin/sh;
			shellScript = "diff \"${PODS_PODFILE_DIR_PATH}/Podfile.lock\" \"${PODS_ROOT}/Manifest.lock\" > /dev/null\nif [ $? != 0 ] ; then\n    # print error to STDERR\n    echo \"error: The sandbox is not in sync with the Podfile.lock. Run 'pod install' or update your CocoaPods installation.\" >&2\n    exit 1\nfi\n# This output is used by Xcode 'outputs' to avoid re-running this script phase.\necho \"SUCCESS\" > \"${SCRIPT_OUTPUT_FILE_0}\"\n";
			showEnvVarsInLog = 0;
		};
/* End PBXShellScriptBuildPhase section */

/* Begin PBXSourcesBuildPhase section */
		BD2F1DE12CB458130017A963 /* Sources */ = {
			isa = PBXSourcesBuildPhase;
			buildActionMask = 2147483647;
			files = (
				BD6B5CEB2CB9B5FA00E768ED /* RealisticCoverAllViewController.swift in Sources */,
				BDD883AC2CB86790004C6908 /* EmojiCoverAllViewController.swift in Sources */,
				BDA87EDC2CB5EEC100C25C50 /* NoInternetView.swift in Sources */,
				BDA87EB62CB5AC3B00C25C50 /* Model.swift in Sources */,
				BDA87EC92CB5C12900C25C50 /* ViewLinkViewController.swift in Sources */,
				BDA87ED22CB5E90500C25C50 /* MoreAppAPI.swift in Sources */,
				BDA87ECA2CB5C12900C25C50 /* PremiumViewController.swift in Sources */,
				BDA87ECB2CB5C12900C25C50 /* HomeViewController.swift in Sources */,
				BDACA25B2CB712ED00B3C2E2 /* Skeleton.swift in Sources */,
				BDA87ED62CB5E9B100C25C50 /* MoreAppViewModel.swift in Sources */,
				BDA87ECC2CB5C12900C25C50 /* FavoriteListViewController.swift in Sources */,
				BDA87ECD2CB5C12900C25C50 /* MoreAppViewController.swift in Sources */,
				BD7D62D12CB7594B00439C11 /* RegistrationViewModel.swift in Sources */,
				BDD883AA2CB85910004C6908 /* CoverPageViewModel.swift in Sources */,
				BDA87ECE2CB5C12900C25C50 /* SpinnerViewController.swift in Sources */,
				BDD883A82CB85903004C6908 /* CoverPageAPI.swift in Sources */,
				BDA87ED02CB5C16400C25C50 /* MainViewController.swift in Sources */,
				BDACA25D2CB7375E00B3C2E2 /* CoverViewController.swift in Sources */,
				BD7D62CF2CB7593800439C11 /* RegistrationAPI.swift in Sources */,
				BD2F1E272CB459320017A963 /* AppDelegate.swift in Sources */,
				BD2F1E3A2CB462E00017A963 /* LaunchViewController.swift in Sources */,
				BDA87ED82CB5EAAA00C25C50 /* MoreAppCollectionViewCell.swift in Sources */,
				BDD883AE2CB86885004C6908 /* EmojiCoverAllCollectionViewCell.swift in Sources */,
				BD2F1E282CB459320017A963 /* SceneDelegate.swift in Sources */,
				BDD883A62CB8504D004C6908 /* CoverPageCollectionViewCell.swift in Sources */,
				BDC9ACB32CB6F89D00183146 /* NoDataView.swift in Sources */,
				BDA87EB32CB5AB2E00C25C50 /* SideMenuViewController.swift in Sources */,
				BD6B5CED2CB9B71100E768ED /* RealisticCoverAllCollectionViewCell.swift in Sources */,
				BD6B5CEF2CB9FF4B00E768ED /* CustomCoverAllViewController.swift in Sources */,
			);
			runOnlyForDeploymentPostprocessing = 0;
		};
		BD2F1DF72CB458150017A963 /* Sources */ = {
			isa = PBXSourcesBuildPhase;
			buildActionMask = 2147483647;
			files = (
				BD2F1E302CB459350017A963 /* PrankstersTests.swift in Sources */,
			);
			runOnlyForDeploymentPostprocessing = 0;
		};
		BD2F1E012CB458150017A963 /* Sources */ = {
			isa = PBXSourcesBuildPhase;
			buildActionMask = 2147483647;
			files = (
				BD2F1E342CB459380017A963 /* PrankstersUITests.swift in Sources */,
				BD2F1E352CB459380017A963 /* PrankstersUITestsLaunchTests.swift in Sources */,
			);
			runOnlyForDeploymentPostprocessing = 0;
		};
/* End PBXSourcesBuildPhase section */

/* Begin PBXTargetDependency section */
		BD2F1DFD2CB458150017A963 /* PBXTargetDependency */ = {
			isa = PBXTargetDependency;
			target = BD2F1DE42CB458130017A963 /* Pranksters */;
			targetProxy = BD2F1DFC2CB458150017A963 /* PBXContainerItemProxy */;
		};
		BD2F1E072CB458150017A963 /* PBXTargetDependency */ = {
			isa = PBXTargetDependency;
			target = BD2F1DE42CB458130017A963 /* Pranksters */;
			targetProxy = BD2F1E062CB458150017A963 /* PBXContainerItemProxy */;
		};
/* End PBXTargetDependency section */

/* Begin PBXVariantGroup section */
		BD2F1E1F2CB459320017A963 /* LaunchScreen.storyboard */ = {
			isa = PBXVariantGroup;
			children = (
				BD2F1E1E2CB459320017A963 /* Base */,
			);
			name = LaunchScreen.storyboard;
			sourceTree = "<group>";
		};
		BD2F1E212CB459320017A963 /* Main.storyboard */ = {
			isa = PBXVariantGroup;
			children = (
				BD2F1E202CB459320017A963 /* Base */,
			);
			name = Main.storyboard;
			sourceTree = "<group>";
		};
/* End PBXVariantGroup section */

/* Begin XCBuildConfiguration section */
		BD2F1E0F2CB458150017A963 /* Debug */ = {
			isa = XCBuildConfiguration;
			baseConfigurationReference = B6C5D2EE3C7B2BA341BA1C7A /* Pods-Pranksters.debug.xcconfig */;
			buildSettings = {
				ASSETCATALOG_COMPILER_APPICON_NAME = AppIcon;
				ASSETCATALOG_COMPILER_GLOBAL_ACCENT_COLOR_NAME = AccentColor;
				CODE_SIGN_STYLE = Automatic;
				CURRENT_PROJECT_VERSION = 1;
				DEVELOPMENT_TEAM = 32BBNXD889;
				ENABLE_USER_SCRIPT_SANDBOXING = NO;
				GENERATE_INFOPLIST_FILE = YES;
				INFOPLIST_FILE = Pranksters/Info.plist;
				INFOPLIST_KEY_UIApplicationSupportsIndirectInputEvents = YES;
				INFOPLIST_KEY_UILaunchStoryboardName = LaunchScreen;
				INFOPLIST_KEY_UIMainStoryboardFile = Main;
				INFOPLIST_KEY_UISupportedInterfaceOrientations = UIInterfaceOrientationPortrait;
				INFOPLIST_KEY_UISupportedInterfaceOrientations_iPad = "UIInterfaceOrientationLandscapeLeft UIInterfaceOrientationLandscapeRight UIInterfaceOrientationPortrait UIInterfaceOrientationPortraitUpsideDown";
				IPHONEOS_DEPLOYMENT_TARGET = 14.0;
				LD_RUNPATH_SEARCH_PATHS = (
					"$(inherited)",
					"@executable_path/Frameworks",
				);
				MARKETING_VERSION = 1.0;
				PRODUCT_BUNDLE_IDENTIFIER = com.plexustechnology.Pranksters;
				PRODUCT_NAME = "$(TARGET_NAME)";
				SWIFT_EMIT_LOC_STRINGS = YES;
				SWIFT_VERSION = 5.0;
				TARGETED_DEVICE_FAMILY = "1,2";
			};
			name = Debug;
		};
		BD2F1E102CB458150017A963 /* Release */ = {
			isa = XCBuildConfiguration;
			baseConfigurationReference = 53653F8D094C0956F347D23A /* Pods-Pranksters.release.xcconfig */;
			buildSettings = {
				ASSETCATALOG_COMPILER_APPICON_NAME = AppIcon;
				ASSETCATALOG_COMPILER_GLOBAL_ACCENT_COLOR_NAME = AccentColor;
				CODE_SIGN_STYLE = Automatic;
				CURRENT_PROJECT_VERSION = 1;
				DEVELOPMENT_TEAM = 32BBNXD889;
				ENABLE_USER_SCRIPT_SANDBOXING = NO;
				GENERATE_INFOPLIST_FILE = YES;
				INFOPLIST_FILE = Pranksters/Info.plist;
				INFOPLIST_KEY_UIApplicationSupportsIndirectInputEvents = YES;
				INFOPLIST_KEY_UILaunchStoryboardName = LaunchScreen;
				INFOPLIST_KEY_UIMainStoryboardFile = Main;
				INFOPLIST_KEY_UISupportedInterfaceOrientations = UIInterfaceOrientationPortrait;
				INFOPLIST_KEY_UISupportedInterfaceOrientations_iPad = "UIInterfaceOrientationLandscapeLeft UIInterfaceOrientationLandscapeRight UIInterfaceOrientationPortrait UIInterfaceOrientationPortraitUpsideDown";
				IPHONEOS_DEPLOYMENT_TARGET = 14.0;
				LD_RUNPATH_SEARCH_PATHS = (
					"$(inherited)",
					"@executable_path/Frameworks",
				);
				MARKETING_VERSION = 1.0;
				PRODUCT_BUNDLE_IDENTIFIER = com.plexustechnology.Pranksters;
				PRODUCT_NAME = "$(TARGET_NAME)";
				SWIFT_EMIT_LOC_STRINGS = YES;
				SWIFT_VERSION = 5.0;
				TARGETED_DEVICE_FAMILY = "1,2";
			};
			name = Release;
		};
		BD2F1E112CB458150017A963 /* Debug */ = {
			isa = XCBuildConfiguration;
			buildSettings = {
				ALWAYS_SEARCH_USER_PATHS = NO;
				ASSETCATALOG_COMPILER_GENERATE_SWIFT_ASSET_SYMBOL_EXTENSIONS = YES;
				CLANG_ANALYZER_NONNULL = YES;
				CLANG_ANALYZER_NUMBER_OBJECT_CONVERSION = YES_AGGRESSIVE;
				CLANG_CXX_LANGUAGE_STANDARD = "gnu++20";
				CLANG_ENABLE_MODULES = YES;
				CLANG_ENABLE_OBJC_ARC = YES;
				CLANG_ENABLE_OBJC_WEAK = YES;
				CLANG_WARN_BLOCK_CAPTURE_AUTORELEASING = YES;
				CLANG_WARN_BOOL_CONVERSION = YES;
				CLANG_WARN_COMMA = YES;
				CLANG_WARN_CONSTANT_CONVERSION = YES;
				CLANG_WARN_DEPRECATED_OBJC_IMPLEMENTATIONS = YES;
				CLANG_WARN_DIRECT_OBJC_ISA_USAGE = YES_ERROR;
				CLANG_WARN_DOCUMENTATION_COMMENTS = YES;
				CLANG_WARN_EMPTY_BODY = YES;
				CLANG_WARN_ENUM_CONVERSION = YES;
				CLANG_WARN_INFINITE_RECURSION = YES;
				CLANG_WARN_INT_CONVERSION = YES;
				CLANG_WARN_NON_LITERAL_NULL_CONVERSION = YES;
				CLANG_WARN_OBJC_IMPLICIT_RETAIN_SELF = YES;
				CLANG_WARN_OBJC_LITERAL_CONVERSION = YES;
				CLANG_WARN_OBJC_ROOT_CLASS = YES_ERROR;
				CLANG_WARN_QUOTED_INCLUDE_IN_FRAMEWORK_HEADER = YES;
				CLANG_WARN_RANGE_LOOP_ANALYSIS = YES;
				CLANG_WARN_STRICT_PROTOTYPES = YES;
				CLANG_WARN_SUSPICIOUS_MOVE = YES;
				CLANG_WARN_UNGUARDED_AVAILABILITY = YES_AGGRESSIVE;
				CLANG_WARN_UNREACHABLE_CODE = YES;
				CLANG_WARN__DUPLICATE_METHOD_MATCH = YES;
				COPY_PHASE_STRIP = NO;
				DEBUG_INFORMATION_FORMAT = dwarf;
				ENABLE_STRICT_OBJC_MSGSEND = YES;
				ENABLE_TESTABILITY = YES;
				ENABLE_USER_SCRIPT_SANDBOXING = YES;
				GCC_C_LANGUAGE_STANDARD = gnu17;
				GCC_DYNAMIC_NO_PIC = NO;
				GCC_NO_COMMON_BLOCKS = YES;
				GCC_OPTIMIZATION_LEVEL = 0;
				GCC_PREPROCESSOR_DEFINITIONS = (
					"DEBUG=1",
					"$(inherited)",
				);
				GCC_WARN_64_TO_32_BIT_CONVERSION = YES;
				GCC_WARN_ABOUT_RETURN_TYPE = YES_ERROR;
				GCC_WARN_UNDECLARED_SELECTOR = YES;
				GCC_WARN_UNINITIALIZED_AUTOS = YES_AGGRESSIVE;
				GCC_WARN_UNUSED_FUNCTION = YES;
				GCC_WARN_UNUSED_VARIABLE = YES;
				IPHONEOS_DEPLOYMENT_TARGET = 18.0;
				LOCALIZATION_PREFERS_STRING_CATALOGS = YES;
				MTL_ENABLE_DEBUG_INFO = INCLUDE_SOURCE;
				MTL_FAST_MATH = YES;
				ONLY_ACTIVE_ARCH = YES;
				SDKROOT = iphoneos;
				SWIFT_ACTIVE_COMPILATION_CONDITIONS = "DEBUG $(inherited)";
				SWIFT_OPTIMIZATION_LEVEL = "-Onone";
			};
			name = Debug;
		};
		BD2F1E122CB458150017A963 /* Release */ = {
			isa = XCBuildConfiguration;
			buildSettings = {
				ALWAYS_SEARCH_USER_PATHS = NO;
				ASSETCATALOG_COMPILER_GENERATE_SWIFT_ASSET_SYMBOL_EXTENSIONS = YES;
				CLANG_ANALYZER_NONNULL = YES;
				CLANG_ANALYZER_NUMBER_OBJECT_CONVERSION = YES_AGGRESSIVE;
				CLANG_CXX_LANGUAGE_STANDARD = "gnu++20";
				CLANG_ENABLE_MODULES = YES;
				CLANG_ENABLE_OBJC_ARC = YES;
				CLANG_ENABLE_OBJC_WEAK = YES;
				CLANG_WARN_BLOCK_CAPTURE_AUTORELEASING = YES;
				CLANG_WARN_BOOL_CONVERSION = YES;
				CLANG_WARN_COMMA = YES;
				CLANG_WARN_CONSTANT_CONVERSION = YES;
				CLANG_WARN_DEPRECATED_OBJC_IMPLEMENTATIONS = YES;
				CLANG_WARN_DIRECT_OBJC_ISA_USAGE = YES_ERROR;
				CLANG_WARN_DOCUMENTATION_COMMENTS = YES;
				CLANG_WARN_EMPTY_BODY = YES;
				CLANG_WARN_ENUM_CONVERSION = YES;
				CLANG_WARN_INFINITE_RECURSION = YES;
				CLANG_WARN_INT_CONVERSION = YES;
				CLANG_WARN_NON_LITERAL_NULL_CONVERSION = YES;
				CLANG_WARN_OBJC_IMPLICIT_RETAIN_SELF = YES;
				CLANG_WARN_OBJC_LITERAL_CONVERSION = YES;
				CLANG_WARN_OBJC_ROOT_CLASS = YES_ERROR;
				CLANG_WARN_QUOTED_INCLUDE_IN_FRAMEWORK_HEADER = YES;
				CLANG_WARN_RANGE_LOOP_ANALYSIS = YES;
				CLANG_WARN_STRICT_PROTOTYPES = YES;
				CLANG_WARN_SUSPICIOUS_MOVE = YES;
				CLANG_WARN_UNGUARDED_AVAILABILITY = YES_AGGRESSIVE;
				CLANG_WARN_UNREACHABLE_CODE = YES;
				CLANG_WARN__DUPLICATE_METHOD_MATCH = YES;
				COPY_PHASE_STRIP = NO;
				DEBUG_INFORMATION_FORMAT = "dwarf-with-dsym";
				ENABLE_NS_ASSERTIONS = NO;
				ENABLE_STRICT_OBJC_MSGSEND = YES;
				ENABLE_USER_SCRIPT_SANDBOXING = YES;
				GCC_C_LANGUAGE_STANDARD = gnu17;
				GCC_NO_COMMON_BLOCKS = YES;
				GCC_WARN_64_TO_32_BIT_CONVERSION = YES;
				GCC_WARN_ABOUT_RETURN_TYPE = YES_ERROR;
				GCC_WARN_UNDECLARED_SELECTOR = YES;
				GCC_WARN_UNINITIALIZED_AUTOS = YES_AGGRESSIVE;
				GCC_WARN_UNUSED_FUNCTION = YES;
				GCC_WARN_UNUSED_VARIABLE = YES;
				IPHONEOS_DEPLOYMENT_TARGET = 18.0;
				LOCALIZATION_PREFERS_STRING_CATALOGS = YES;
				MTL_ENABLE_DEBUG_INFO = NO;
				MTL_FAST_MATH = YES;
				SDKROOT = iphoneos;
				SWIFT_COMPILATION_MODE = wholemodule;
				VALIDATE_PRODUCT = YES;
			};
			name = Release;
		};
		BD2F1E142CB458150017A963 /* Debug */ = {
			isa = XCBuildConfiguration;
			baseConfigurationReference = A0E1E871794AC18CCA95F3A0 /* Pods-PrankstersTests.debug.xcconfig */;
			buildSettings = {
				BUNDLE_LOADER = "$(TEST_HOST)";
				CODE_SIGN_STYLE = Automatic;
				CURRENT_PROJECT_VERSION = 1;
				DEVELOPMENT_TEAM = 32BBNXD889;
				GENERATE_INFOPLIST_FILE = YES;
				IPHONEOS_DEPLOYMENT_TARGET = 18.0;
				MARKETING_VERSION = 1.0;
				PRODUCT_BUNDLE_IDENTIFIER = com.plexustechnology.PrankstersTests;
				PRODUCT_NAME = "$(TARGET_NAME)";
				SWIFT_EMIT_LOC_STRINGS = NO;
				SWIFT_VERSION = 5.0;
				TARGETED_DEVICE_FAMILY = "1,2";
				TEST_HOST = "$(BUILT_PRODUCTS_DIR)/Pranksters.app/$(BUNDLE_EXECUTABLE_FOLDER_PATH)/Pranksters";
			};
			name = Debug;
		};
		BD2F1E152CB458150017A963 /* Release */ = {
			isa = XCBuildConfiguration;
			baseConfigurationReference = E0C39A3DC80C504DEF55DCB5 /* Pods-PrankstersTests.release.xcconfig */;
			buildSettings = {
				BUNDLE_LOADER = "$(TEST_HOST)";
				CODE_SIGN_STYLE = Automatic;
				CURRENT_PROJECT_VERSION = 1;
				DEVELOPMENT_TEAM = 32BBNXD889;
				GENERATE_INFOPLIST_FILE = YES;
				IPHONEOS_DEPLOYMENT_TARGET = 18.0;
				MARKETING_VERSION = 1.0;
				PRODUCT_BUNDLE_IDENTIFIER = com.plexustechnology.PrankstersTests;
				PRODUCT_NAME = "$(TARGET_NAME)";
				SWIFT_EMIT_LOC_STRINGS = NO;
				SWIFT_VERSION = 5.0;
				TARGETED_DEVICE_FAMILY = "1,2";
				TEST_HOST = "$(BUILT_PRODUCTS_DIR)/Pranksters.app/$(BUNDLE_EXECUTABLE_FOLDER_PATH)/Pranksters";
			};
			name = Release;
		};
		BD2F1E172CB458150017A963 /* Debug */ = {
			isa = XCBuildConfiguration;
			baseConfigurationReference = 08CE7CCD39C8C3D04D40638F /* Pods-Pranksters-PrankstersUITests.debug.xcconfig */;
			buildSettings = {
				CODE_SIGN_STYLE = Automatic;
				CURRENT_PROJECT_VERSION = 1;
				DEVELOPMENT_TEAM = 32BBNXD889;
				GENERATE_INFOPLIST_FILE = YES;
				MARKETING_VERSION = 1.0;
				PRODUCT_BUNDLE_IDENTIFIER = com.plexustechnology.PrankstersUITests;
				PRODUCT_NAME = "$(TARGET_NAME)";
				SWIFT_EMIT_LOC_STRINGS = NO;
				SWIFT_VERSION = 5.0;
				TARGETED_DEVICE_FAMILY = "1,2";
				TEST_TARGET_NAME = Pranksters;
			};
			name = Debug;
		};
		BD2F1E182CB458150017A963 /* Release */ = {
			isa = XCBuildConfiguration;
			baseConfigurationReference = 5DE1C408E5CB491FB86A8EF4 /* Pods-Pranksters-PrankstersUITests.release.xcconfig */;
			buildSettings = {
				CODE_SIGN_STYLE = Automatic;
				CURRENT_PROJECT_VERSION = 1;
				DEVELOPMENT_TEAM = 32BBNXD889;
				GENERATE_INFOPLIST_FILE = YES;
				MARKETING_VERSION = 1.0;
				PRODUCT_BUNDLE_IDENTIFIER = com.plexustechnology.PrankstersUITests;
				PRODUCT_NAME = "$(TARGET_NAME)";
				SWIFT_EMIT_LOC_STRINGS = NO;
				SWIFT_VERSION = 5.0;
				TARGETED_DEVICE_FAMILY = "1,2";
				TEST_TARGET_NAME = Pranksters;
			};
			name = Release;
		};
/* End XCBuildConfiguration section */

/* Begin XCConfigurationList section */
		BD2F1DE02CB458130017A963 /* Build configuration list for PBXProject "Pranksters" */ = {
			isa = XCConfigurationList;
			buildConfigurations = (
				BD2F1E112CB458150017A963 /* Debug */,
				BD2F1E122CB458150017A963 /* Release */,
			);
			defaultConfigurationIsVisible = 0;
			defaultConfigurationName = Release;
		};
		BD2F1E0E2CB458150017A963 /* Build configuration list for PBXNativeTarget "Pranksters" */ = {
			isa = XCConfigurationList;
			buildConfigurations = (
				BD2F1E0F2CB458150017A963 /* Debug */,
				BD2F1E102CB458150017A963 /* Release */,
			);
			defaultConfigurationIsVisible = 0;
			defaultConfigurationName = Release;
		};
		BD2F1E132CB458150017A963 /* Build configuration list for PBXNativeTarget "PrankstersTests" */ = {
			isa = XCConfigurationList;
			buildConfigurations = (
				BD2F1E142CB458150017A963 /* Debug */,
				BD2F1E152CB458150017A963 /* Release */,
			);
			defaultConfigurationIsVisible = 0;
			defaultConfigurationName = Release;
		};
		BD2F1E162CB458150017A963 /* Build configuration list for PBXNativeTarget "PrankstersUITests" */ = {
			isa = XCConfigurationList;
			buildConfigurations = (
				BD2F1E172CB458150017A963 /* Debug */,
				BD2F1E182CB458150017A963 /* Release */,
			);
			defaultConfigurationIsVisible = 0;
			defaultConfigurationName = Release;
		};
/* End XCConfigurationList section */
	};
	rootObject = BD2F1DDD2CB458130017A963 /* Project object */;
}
